// !$*UTF8*$!
{
	archiveVersion = 1;
	classes = {
	};
	objectVersion = 56;
	objects = {

/* Begin PBXBuildFile section */
		5A2078212C070DA700CEE67B /* Cart_MartApp.swift in Sources */ = {isa = PBXBuildFile; fileRef = 5A2078202C070DA700CEE67B /* Cart_MartApp.swift */; };
		5A2078252C070DA900CEE67B /* Assets.xcassets in Resources */ = {isa = PBXBuildFile; fileRef = 5A2078242C070DA900CEE67B /* Assets.xcassets */; };
		5A2078282C070DA900CEE67B /* Preview Assets.xcassets in Resources */ = {isa = PBXBuildFile; fileRef = 5A2078272C070DA900CEE67B /* Preview Assets.xcassets */; };
		5A2078322C070DA900CEE67B /* Cart_MartTests.swift in Sources */ = {isa = PBXBuildFile; fileRef = 5A2078312C070DA900CEE67B /* Cart_MartTests.swift */; };
		5A20783C2C070DA900CEE67B /* Cart_MartUITests.swift in Sources */ = {isa = PBXBuildFile; fileRef = 5A20783B2C070DA900CEE67B /* Cart_MartUITests.swift */; };
		5A20783E2C070DA900CEE67B /* Cart_MartUITestsLaunchTests.swift in Sources */ = {isa = PBXBuildFile; fileRef = 5A20783D2C070DA900CEE67B /* Cart_MartUITestsLaunchTests.swift */; };
		5A5E001A2C10B2B8001BF72D /* ProductPresentationModel.swift in Sources */ = {isa = PBXBuildFile; fileRef = 5A5E00192C10B2B8001BF72D /* ProductPresentationModel.swift */; };
		5A5E001C2C10B3FA001BF72D /* ProductDetailPresentationModel.swift in Sources */ = {isa = PBXBuildFile; fileRef = 5A5E001B2C10B3FA001BF72D /* ProductDetailPresentationModel.swift */; };
		5A5E001E2C10B81A001BF72D /* Utility.swift in Sources */ = {isa = PBXBuildFile; fileRef = 5A5E001D2C10B81A001BF72D /* Utility.swift */; };
		5A5E00202C10B958001BF72D /* UtilityTests.swift in Sources */ = {isa = PBXBuildFile; fileRef = 5A5E001F2C10B958001BF72D /* UtilityTests.swift */; };
		5A732D782C09BF5D00E56750 /* Configuration_Test.swift in Sources */ = {isa = PBXBuildFile; fileRef = 5A732D772C09BF5D00E56750 /* Configuration_Test.swift */; };
		5A732D7F2C09C71500E56750 /* ProductListRepositoryMock.swift in Sources */ = {isa = PBXBuildFile; fileRef = 5A732D7E2C09C71500E56750 /* ProductListRepositoryMock.swift */; };
		5A732D812C09C72A00E56750 /* ProductDetailRepositoryMock.swift in Sources */ = {isa = PBXBuildFile; fileRef = 5A732D802C09C72A00E56750 /* ProductDetailRepositoryMock.swift */; };
		5A732D832C09CAB300E56750 /* ProductListUseCase_Test.swift in Sources */ = {isa = PBXBuildFile; fileRef = 5A732D822C09CAB300E56750 /* ProductListUseCase_Test.swift */; };
		5A732D852C09CAC800E56750 /* ProductDetailUseCase_Test.swift in Sources */ = {isa = PBXBuildFile; fileRef = 5A732D842C09CAC800E56750 /* ProductDetailUseCase_Test.swift */; };
		5A732D882C09CBBD00E56750 /* ProductListStubs.swift in Sources */ = {isa = PBXBuildFile; fileRef = 5A732D872C09CBBD00E56750 /* ProductListStubs.swift */; };
		5A732D8A2C09CBC900E56750 /* ProductDetailStubs.swift in Sources */ = {isa = PBXBuildFile; fileRef = 5A732D892C09CBC900E56750 /* ProductDetailStubs.swift */; };
		5A7C2C782C0F403100D4084D /* InlineSnapshotTesting in Frameworks */ = {isa = PBXBuildFile; productRef = 5A7C2C772C0F403100D4084D /* InlineSnapshotTesting */; };
		5A7C2C7A2C0F403100D4084D /* SnapshotTesting in Frameworks */ = {isa = PBXBuildFile; productRef = 5A7C2C792C0F403100D4084D /* SnapshotTesting */; };
		5A92A0D72C0CDB5700E16832 /* ProductImageView.swift in Sources */ = {isa = PBXBuildFile; fileRef = 5A92A0D62C0CDB5700E16832 /* ProductImageView.swift */; };
		5AA5D8EE2C09D8A100C97659 /* ProductDetail_Test.swift in Sources */ = {isa = PBXBuildFile; fileRef = 5AA5D8ED2C09D8A100C97659 /* ProductDetail_Test.swift */; };
		5AA5D8F22C09DE0500C97659 /* productDetail.json in Resources */ = {isa = PBXBuildFile; fileRef = 5AA5D8EF2C09DE0500C97659 /* productDetail.json */; };
		5AA5D8F32C09DE0500C97659 /* products.json in Resources */ = {isa = PBXBuildFile; fileRef = 5AA5D8F02C09DE0500C97659 /* products.json */; };
		5AA5D8F82C09EBEA00C97659 /* DeafultProductListRepository_Test.swift in Sources */ = {isa = PBXBuildFile; fileRef = 5AA5D8F72C09EBEA00C97659 /* DeafultProductListRepository_Test.swift */; };
		5AA5D8FA2C09EBFB00C97659 /* DeafultProductDetailRepository_Test.swift in Sources */ = {isa = PBXBuildFile; fileRef = 5AA5D8F92C09EBFB00C97659 /* DeafultProductDetailRepository_Test.swift */; };
		5AA5D8FE2C09F54F00C97659 /* DataTransferServicesMock.swift in Sources */ = {isa = PBXBuildFile; fileRef = 5AA5D8FD2C09F54F00C97659 /* DataTransferServicesMock.swift */; };
		5AA5D9002C0A058900C97659 /* RepositoryTask_Test.swift in Sources */ = {isa = PBXBuildFile; fileRef = 5AA5D8FF2C0A058900C97659 /* RepositoryTask_Test.swift */; };
		5AA5D9042C0A0B1B00C97659 /* ProductListViewModelTest_Test.swift in Sources */ = {isa = PBXBuildFile; fileRef = 5AA5D9032C0A0B1B00C97659 /* ProductListViewModelTest_Test.swift */; };
		5AA5D9062C0A0B2F00C97659 /* ProductDetailViewModel_Test.swift in Sources */ = {isa = PBXBuildFile; fileRef = 5AA5D9052C0A0B2F00C97659 /* ProductDetailViewModel_Test.swift */; };
		5AA5D9092C0A0CE900C97659 /* ProductListUseCaseMock.swift in Sources */ = {isa = PBXBuildFile; fileRef = 5AA5D9082C0A0CE900C97659 /* ProductListUseCaseMock.swift */; };
		5AA5D90B2C0A0CF400C97659 /* ProductDetailUseCaseMock.swift in Sources */ = {isa = PBXBuildFile; fileRef = 5AA5D90A2C0A0CF400C97659 /* ProductDetailUseCaseMock.swift */; };
		5AB511B72C08D8AB004F1A7B /* ProductDetailNavigationBarView.swift in Sources */ = {isa = PBXBuildFile; fileRef = 5AB511B62C08D8AB004F1A7B /* ProductDetailNavigationBarView.swift */; };
		5AB511B92C08DC48004F1A7B /* StockStatusView.swift in Sources */ = {isa = PBXBuildFile; fileRef = 5AB511B82C08DC48004F1A7B /* StockStatusView.swift */; };
		5AB511BB2C08E2F7004F1A7B /* ProductAdditionalInfoView.swift in Sources */ = {isa = PBXBuildFile; fileRef = 5AB511BA2C08E2F7004F1A7B /* ProductAdditionalInfoView.swift */; };
		5AB511BD2C08E9B7004F1A7B /* ProductAdditionalInfoGroupView.swift in Sources */ = {isa = PBXBuildFile; fileRef = 5AB511BC2C08E9B7004F1A7B /* ProductAdditionalInfoGroupView.swift */; };
		5AC1D9B42C0E0BBC00F0B19D /* ProductListView_Test.swift in Sources */ = {isa = PBXBuildFile; fileRef = 5AC1D9B32C0E0BBC00F0B19D /* ProductListView_Test.swift */; };
		5AC1D9B62C0E3C0B00F0B19D /* Helper.swift in Sources */ = {isa = PBXBuildFile; fileRef = 5AC1D9B52C0E3C0B00F0B19D /* Helper.swift */; };
		5AC1D9B82C0E3FB800F0B19D /* ProductListGridView.swift in Sources */ = {isa = PBXBuildFile; fileRef = 5AC1D9B72C0E3FB800F0B19D /* ProductListGridView.swift */; };
		5AC1D9BA2C0E412300F0B19D /* ErrorContentView.swift in Sources */ = {isa = PBXBuildFile; fileRef = 5AC1D9B92C0E412300F0B19D /* ErrorContentView.swift */; };
		5AC1D9BC2C0E44F700F0B19D /* ProductDetailView_Tests.swift in Sources */ = {isa = PBXBuildFile; fileRef = 5AC1D9BB2C0E44F700F0B19D /* ProductDetailView_Tests.swift */; };
		5AE8388B2C071A5300D3E2C1 /* NetworkConfiguration.swift in Sources */ = {isa = PBXBuildFile; fileRef = 5AE8388A2C071A5300D3E2C1 /* NetworkConfiguration.swift */; };
		5AE8388D2C071AEB00D3E2C1 /* APIRequest.swift in Sources */ = {isa = PBXBuildFile; fileRef = 5AE8388C2C071AEB00D3E2C1 /* APIRequest.swift */; };
		5AE8388F2C071AFD00D3E2C1 /* APIEndPoint.swift in Sources */ = {isa = PBXBuildFile; fileRef = 5AE8388E2C071AFD00D3E2C1 /* APIEndPoint.swift */; };
		5AE838912C071B7100D3E2C1 /* ResponseDecoder.swift in Sources */ = {isa = PBXBuildFile; fileRef = 5AE838902C071B7100D3E2C1 /* ResponseDecoder.swift */; };
		5AE838932C071DEB00D3E2C1 /* SessionManager.swift in Sources */ = {isa = PBXBuildFile; fileRef = 5AE838922C071DEB00D3E2C1 /* SessionManager.swift */; };
		5AE838952C071F0E00D3E2C1 /* NetworkError.swift in Sources */ = {isa = PBXBuildFile; fileRef = 5AE838942C071F0E00D3E2C1 /* NetworkError.swift */; };
		5AE838972C07219600D3E2C1 /* NetworkServices.swift in Sources */ = {isa = PBXBuildFile; fileRef = 5AE838962C07219600D3E2C1 /* NetworkServices.swift */; };
		5AE8389A2C07228900D3E2C1 /* Cancallable.swift in Sources */ = {isa = PBXBuildFile; fileRef = 5AE838992C07228900D3E2C1 /* Cancallable.swift */; };
		5AE8389E2C072E0900D3E2C1 /* DataTransferService.swift in Sources */ = {isa = PBXBuildFile; fileRef = 5AE8389D2C072E0900D3E2C1 /* DataTransferService.swift */; };
		5AE838A02C0733A200D3E2C1 /* Configuration.swift in Sources */ = {isa = PBXBuildFile; fileRef = 5AE8389F2C0733A200D3E2C1 /* Configuration.swift */; };
		5AE838A52C07383700D3E2C1 /* ProductEndpoints.swift in Sources */ = {isa = PBXBuildFile; fileRef = 5AE838A42C07383700D3E2C1 /* ProductEndpoints.swift */; };
		5AE838AE2C0741A500D3E2C1 /* ProductList.swift in Sources */ = {isa = PBXBuildFile; fileRef = 5AE838AD2C0741A500D3E2C1 /* ProductList.swift */; };
		5AE838B02C0741B300D3E2C1 /* ProductDetail.swift in Sources */ = {isa = PBXBuildFile; fileRef = 5AE838AF2C0741B300D3E2C1 /* ProductDetail.swift */; };
		5AE838B22C07475800D3E2C1 /* NavigationBarView.swift in Sources */ = {isa = PBXBuildFile; fileRef = 5AE838B12C07475800D3E2C1 /* NavigationBarView.swift */; };
		5AE838B42C074A7000D3E2C1 /* LogoView.swift in Sources */ = {isa = PBXBuildFile; fileRef = 5AE838B32C074A7000D3E2C1 /* LogoView.swift */; };
		5AE838B62C074EC800D3E2C1 /* ProductListView.swift in Sources */ = {isa = PBXBuildFile; fileRef = 5AE838B52C074EC800D3E2C1 /* ProductListView.swift */; };
		5AE838B82C074FB900D3E2C1 /* Constants.swift in Sources */ = {isa = PBXBuildFile; fileRef = 5AE838B72C074FB900D3E2C1 /* Constants.swift */; };
		5AE838BC2C075AA300D3E2C1 /* ProductItemView.swift in Sources */ = {isa = PBXBuildFile; fileRef = 5AE838BB2C075AA300D3E2C1 /* ProductItemView.swift */; };
		5AE838BE2C075B6500D3E2C1 /* BundleDecodable.swift in Sources */ = {isa = PBXBuildFile; fileRef = 5AE838BD2C075B6500D3E2C1 /* BundleDecodable.swift */; };
		5AE838C32C075C1100D3E2C1 /* products.json in Resources */ = {isa = PBXBuildFile; fileRef = 5AE838C22C075C1100D3E2C1 /* products.json */; };
		5AE838C72C07746000D3E2C1 /* ProductListViewModel.swift in Sources */ = {isa = PBXBuildFile; fileRef = 5AE838C62C07746000D3E2C1 /* ProductListViewModel.swift */; };
		5AE838CA2C07775100D3E2C1 /* DefaultProductListRepository.swift in Sources */ = {isa = PBXBuildFile; fileRef = 5AE838C92C07775100D3E2C1 /* DefaultProductListRepository.swift */; };
		5AE838CC2C07776500D3E2C1 /* DefaultProductDetailRepository.swift in Sources */ = {isa = PBXBuildFile; fileRef = 5AE838CB2C07776500D3E2C1 /* DefaultProductDetailRepository.swift */; };
		5AE838D02C07779A00D3E2C1 /* ProductListRepository.swift in Sources */ = {isa = PBXBuildFile; fileRef = 5AE838CF2C07779A00D3E2C1 /* ProductListRepository.swift */; };
		5AE838D22C0777A700D3E2C1 /* ProductDetailRepository.swift in Sources */ = {isa = PBXBuildFile; fileRef = 5AE838D12C0777A700D3E2C1 /* ProductDetailRepository.swift */; };
		5AE838D42C0778D300D3E2C1 /* RepositoryTask.swift in Sources */ = {isa = PBXBuildFile; fileRef = 5AE838D32C0778D300D3E2C1 /* RepositoryTask.swift */; };
		5AE838D72C078B2F00D3E2C1 /* GetProductListUseCase.swift in Sources */ = {isa = PBXBuildFile; fileRef = 5AE838D62C078B2F00D3E2C1 /* GetProductListUseCase.swift */; };
		5AE838D92C078B3A00D3E2C1 /* GetProductDetailUseCase.swift in Sources */ = {isa = PBXBuildFile; fileRef = 5AE838D82C078B3A00D3E2C1 /* GetProductDetailUseCase.swift */; };
		5AE838DC2C07997200D3E2C1 /* DI.swift in Sources */ = {isa = PBXBuildFile; fileRef = 5AE838DB2C07997200D3E2C1 /* DI.swift */; };
		5AE838E02C079C2000D3E2C1 /* ProductDetailViewModel.swift in Sources */ = {isa = PBXBuildFile; fileRef = 5AE838DF2C079C2000D3E2C1 /* ProductDetailViewModel.swift */; };
		5AE838E22C07B4FD00D3E2C1 /* ProductDetailView.swift in Sources */ = {isa = PBXBuildFile; fileRef = 5AE838E12C07B4FD00D3E2C1 /* ProductDetailView.swift */; };
		5AE838E42C08790700D3E2C1 /* AlertView.swift in Sources */ = {isa = PBXBuildFile; fileRef = 5AE838E32C08790700D3E2C1 /* AlertView.swift */; };
		5AE838E82C087AA300D3E2C1 /* ContentModel.swift in Sources */ = {isa = PBXBuildFile; fileRef = 5AE838E72C087AA300D3E2C1 /* ContentModel.swift */; };
		5AE838EB2C08830000D3E2C1 /* NavigationManager.swift in Sources */ = {isa = PBXBuildFile; fileRef = 5AE838EA2C08830000D3E2C1 /* NavigationManager.swift */; };
		5AE838ED2C08862B00D3E2C1 /* NavigationView.swift in Sources */ = {isa = PBXBuildFile; fileRef = 5AE838EC2C08862B00D3E2C1 /* NavigationView.swift */; };
		5AE838EF2C0889A700D3E2C1 /* productDetail.json in Resources */ = {isa = PBXBuildFile; fileRef = 5AE838EE2C0889A700D3E2C1 /* productDetail.json */; };
		5AE838F12C088EE200D3E2C1 /* RatingView.swift in Sources */ = {isa = PBXBuildFile; fileRef = 5AE838F02C088EE200D3E2C1 /* RatingView.swift */; };
		5AE838F32C08A28900D3E2C1 /* ProductHeaderView.swift in Sources */ = {isa = PBXBuildFile; fileRef = 5AE838F22C08A28900D3E2C1 /* ProductHeaderView.swift */; };
		5AE838F52C08A4C300D3E2C1 /* RoundedCorner.swift in Sources */ = {isa = PBXBuildFile; fileRef = 5AE838F42C08A4C300D3E2C1 /* RoundedCorner.swift */; };
		5AE838F72C08AD7600D3E2C1 /* DiscountTagView.swift in Sources */ = {isa = PBXBuildFile; fileRef = 5AE838F62C08AD7600D3E2C1 /* DiscountTagView.swift */; };
		5AE838F92C08B7B200D3E2C1 /* ProductDetailImageView.swift in Sources */ = {isa = PBXBuildFile; fileRef = 5AE838F82C08B7B200D3E2C1 /* ProductDetailImageView.swift */; };
		5AE838FB2C08BE9800D3E2C1 /* CustomShape.swift in Sources */ = {isa = PBXBuildFile; fileRef = 5AE838FA2C08BE9800D3E2C1 /* CustomShape.swift */; };
/* End PBXBuildFile section */

/* Begin PBXContainerItemProxy section */
		5A20782E2C070DA900CEE67B /* PBXContainerItemProxy */ = {
			isa = PBXContainerItemProxy;
			containerPortal = 5A2078152C070DA700CEE67B /* Project object */;
			proxyType = 1;
			remoteGlobalIDString = 5A20781C2C070DA700CEE67B;
			remoteInfo = "Cart&Mart";
		};
		5A2078382C070DA900CEE67B /* PBXContainerItemProxy */ = {
			isa = PBXContainerItemProxy;
			containerPortal = 5A2078152C070DA700CEE67B /* Project object */;
			proxyType = 1;
			remoteGlobalIDString = 5A20781C2C070DA700CEE67B;
			remoteInfo = "Cart&Mart";
		};
/* End PBXContainerItemProxy section */

/* Begin PBXFileReference section */
		5A20781D2C070DA700CEE67B /* Cart&Mart.app */ = {isa = PBXFileReference; explicitFileType = wrapper.application; includeInIndex = 0; path = "Cart&Mart.app"; sourceTree = BUILT_PRODUCTS_DIR; };
		5A2078202C070DA700CEE67B /* Cart_MartApp.swift */ = {isa = PBXFileReference; lastKnownFileType = sourcecode.swift; path = Cart_MartApp.swift; sourceTree = "<group>"; };
		5A2078242C070DA900CEE67B /* Assets.xcassets */ = {isa = PBXFileReference; lastKnownFileType = folder.assetcatalog; path = Assets.xcassets; sourceTree = "<group>"; };
		5A2078272C070DA900CEE67B /* Preview Assets.xcassets */ = {isa = PBXFileReference; lastKnownFileType = folder.assetcatalog; path = "Preview Assets.xcassets"; sourceTree = "<group>"; };
		5A20782D2C070DA900CEE67B /* Cart&MartTests.xctest */ = {isa = PBXFileReference; explicitFileType = wrapper.cfbundle; includeInIndex = 0; path = "Cart&MartTests.xctest"; sourceTree = BUILT_PRODUCTS_DIR; };
		5A2078312C070DA900CEE67B /* Cart_MartTests.swift */ = {isa = PBXFileReference; lastKnownFileType = sourcecode.swift; path = Cart_MartTests.swift; sourceTree = "<group>"; };
		5A2078372C070DA900CEE67B /* Cart&MartUITests.xctest */ = {isa = PBXFileReference; explicitFileType = wrapper.cfbundle; includeInIndex = 0; path = "Cart&MartUITests.xctest"; sourceTree = BUILT_PRODUCTS_DIR; };
		5A20783B2C070DA900CEE67B /* Cart_MartUITests.swift */ = {isa = PBXFileReference; lastKnownFileType = sourcecode.swift; path = Cart_MartUITests.swift; sourceTree = "<group>"; };
		5A20783D2C070DA900CEE67B /* Cart_MartUITestsLaunchTests.swift */ = {isa = PBXFileReference; lastKnownFileType = sourcecode.swift; path = Cart_MartUITestsLaunchTests.swift; sourceTree = "<group>"; };
		5A5E00192C10B2B8001BF72D /* ProductPresentationModel.swift */ = {isa = PBXFileReference; lastKnownFileType = sourcecode.swift; path = ProductPresentationModel.swift; sourceTree = "<group>"; };
		5A5E001B2C10B3FA001BF72D /* ProductDetailPresentationModel.swift */ = {isa = PBXFileReference; lastKnownFileType = sourcecode.swift; path = ProductDetailPresentationModel.swift; sourceTree = "<group>"; };
		5A5E001D2C10B81A001BF72D /* Utility.swift */ = {isa = PBXFileReference; lastKnownFileType = sourcecode.swift; path = Utility.swift; sourceTree = "<group>"; };
		5A5E001F2C10B958001BF72D /* UtilityTests.swift */ = {isa = PBXFileReference; lastKnownFileType = sourcecode.swift; path = UtilityTests.swift; sourceTree = "<group>"; };
		5A732D772C09BF5D00E56750 /* Configuration_Test.swift */ = {isa = PBXFileReference; lastKnownFileType = sourcecode.swift; path = Configuration_Test.swift; sourceTree = "<group>"; };
		5A732D7E2C09C71500E56750 /* ProductListRepositoryMock.swift */ = {isa = PBXFileReference; lastKnownFileType = sourcecode.swift; path = ProductListRepositoryMock.swift; sourceTree = "<group>"; };
		5A732D802C09C72A00E56750 /* ProductDetailRepositoryMock.swift */ = {isa = PBXFileReference; lastKnownFileType = sourcecode.swift; path = ProductDetailRepositoryMock.swift; sourceTree = "<group>"; };
		5A732D822C09CAB300E56750 /* ProductListUseCase_Test.swift */ = {isa = PBXFileReference; lastKnownFileType = sourcecode.swift; path = ProductListUseCase_Test.swift; sourceTree = "<group>"; };
		5A732D842C09CAC800E56750 /* ProductDetailUseCase_Test.swift */ = {isa = PBXFileReference; lastKnownFileType = sourcecode.swift; path = ProductDetailUseCase_Test.swift; sourceTree = "<group>"; };
		5A732D872C09CBBD00E56750 /* ProductListStubs.swift */ = {isa = PBXFileReference; lastKnownFileType = sourcecode.swift; path = ProductListStubs.swift; sourceTree = "<group>"; };
		5A732D892C09CBC900E56750 /* ProductDetailStubs.swift */ = {isa = PBXFileReference; lastKnownFileType = sourcecode.swift; path = ProductDetailStubs.swift; sourceTree = "<group>"; };
		5A92A0D62C0CDB5700E16832 /* ProductImageView.swift */ = {isa = PBXFileReference; lastKnownFileType = sourcecode.swift; path = ProductImageView.swift; sourceTree = "<group>"; };
		5AA5D8ED2C09D8A100C97659 /* ProductDetail_Test.swift */ = {isa = PBXFileReference; lastKnownFileType = sourcecode.swift; path = ProductDetail_Test.swift; sourceTree = "<group>"; };
		5AA5D8EF2C09DE0500C97659 /* productDetail.json */ = {isa = PBXFileReference; fileEncoding = 4; lastKnownFileType = text.json; path = productDetail.json; sourceTree = "<group>"; };
		5AA5D8F02C09DE0500C97659 /* products.json */ = {isa = PBXFileReference; fileEncoding = 4; lastKnownFileType = text.json; path = products.json; sourceTree = "<group>"; };
		5AA5D8F72C09EBEA00C97659 /* DeafultProductListRepository_Test.swift */ = {isa = PBXFileReference; lastKnownFileType = sourcecode.swift; path = DeafultProductListRepository_Test.swift; sourceTree = "<group>"; };
		5AA5D8F92C09EBFB00C97659 /* DeafultProductDetailRepository_Test.swift */ = {isa = PBXFileReference; lastKnownFileType = sourcecode.swift; path = DeafultProductDetailRepository_Test.swift; sourceTree = "<group>"; };
		5AA5D8FD2C09F54F00C97659 /* DataTransferServicesMock.swift */ = {isa = PBXFileReference; lastKnownFileType = sourcecode.swift; path = DataTransferServicesMock.swift; sourceTree = "<group>"; };
		5AA5D8FF2C0A058900C97659 /* RepositoryTask_Test.swift */ = {isa = PBXFileReference; lastKnownFileType = sourcecode.swift; path = RepositoryTask_Test.swift; sourceTree = "<group>"; };
		5AA5D9032C0A0B1B00C97659 /* ProductListViewModelTest_Test.swift */ = {isa = PBXFileReference; lastKnownFileType = sourcecode.swift; path = ProductListViewModelTest_Test.swift; sourceTree = "<group>"; };
		5AA5D9052C0A0B2F00C97659 /* ProductDetailViewModel_Test.swift */ = {isa = PBXFileReference; lastKnownFileType = sourcecode.swift; path = ProductDetailViewModel_Test.swift; sourceTree = "<group>"; };
		5AA5D9082C0A0CE900C97659 /* ProductListUseCaseMock.swift */ = {isa = PBXFileReference; lastKnownFileType = sourcecode.swift; path = ProductListUseCaseMock.swift; sourceTree = "<group>"; };
		5AA5D90A2C0A0CF400C97659 /* ProductDetailUseCaseMock.swift */ = {isa = PBXFileReference; lastKnownFileType = sourcecode.swift; path = ProductDetailUseCaseMock.swift; sourceTree = "<group>"; };
		5AB511B62C08D8AB004F1A7B /* ProductDetailNavigationBarView.swift */ = {isa = PBXFileReference; lastKnownFileType = sourcecode.swift; path = ProductDetailNavigationBarView.swift; sourceTree = "<group>"; };
		5AB511B82C08DC48004F1A7B /* StockStatusView.swift */ = {isa = PBXFileReference; lastKnownFileType = sourcecode.swift; path = StockStatusView.swift; sourceTree = "<group>"; };
		5AB511BA2C08E2F7004F1A7B /* ProductAdditionalInfoView.swift */ = {isa = PBXFileReference; lastKnownFileType = sourcecode.swift; path = ProductAdditionalInfoView.swift; sourceTree = "<group>"; };
		5AB511BC2C08E9B7004F1A7B /* ProductAdditionalInfoGroupView.swift */ = {isa = PBXFileReference; lastKnownFileType = sourcecode.swift; path = ProductAdditionalInfoGroupView.swift; sourceTree = "<group>"; };
		5AC1D9B32C0E0BBC00F0B19D /* ProductListView_Test.swift */ = {isa = PBXFileReference; lastKnownFileType = sourcecode.swift; path = ProductListView_Test.swift; sourceTree = "<group>"; };
		5AC1D9B52C0E3C0B00F0B19D /* Helper.swift */ = {isa = PBXFileReference; lastKnownFileType = sourcecode.swift; path = Helper.swift; sourceTree = "<group>"; };
		5AC1D9B72C0E3FB800F0B19D /* ProductListGridView.swift */ = {isa = PBXFileReference; lastKnownFileType = sourcecode.swift; path = ProductListGridView.swift; sourceTree = "<group>"; };
		5AC1D9B92C0E412300F0B19D /* ErrorContentView.swift */ = {isa = PBXFileReference; lastKnownFileType = sourcecode.swift; path = ErrorContentView.swift; sourceTree = "<group>"; };
		5AC1D9BB2C0E44F700F0B19D /* ProductDetailView_Tests.swift */ = {isa = PBXFileReference; lastKnownFileType = sourcecode.swift; path = ProductDetailView_Tests.swift; sourceTree = "<group>"; };
		5AE838892C07152100D3E2C1 /* Cart-Mart-Info.plist */ = {isa = PBXFileReference; lastKnownFileType = text.plist.xml; name = "Cart-Mart-Info.plist"; path = "Cart&Mart/Resources/Cart-Mart-Info.plist"; sourceTree = SOURCE_ROOT; };
		5AE8388A2C071A5300D3E2C1 /* NetworkConfiguration.swift */ = {isa = PBXFileReference; lastKnownFileType = sourcecode.swift; path = NetworkConfiguration.swift; sourceTree = "<group>"; };
		5AE8388C2C071AEB00D3E2C1 /* APIRequest.swift */ = {isa = PBXFileReference; lastKnownFileType = sourcecode.swift; path = APIRequest.swift; sourceTree = "<group>"; };
		5AE8388E2C071AFD00D3E2C1 /* APIEndPoint.swift */ = {isa = PBXFileReference; lastKnownFileType = sourcecode.swift; path = APIEndPoint.swift; sourceTree = "<group>"; };
		5AE838902C071B7100D3E2C1 /* ResponseDecoder.swift */ = {isa = PBXFileReference; lastKnownFileType = sourcecode.swift; path = ResponseDecoder.swift; sourceTree = "<group>"; };
		5AE838922C071DEB00D3E2C1 /* SessionManager.swift */ = {isa = PBXFileReference; lastKnownFileType = sourcecode.swift; path = SessionManager.swift; sourceTree = "<group>"; };
		5AE838942C071F0E00D3E2C1 /* NetworkError.swift */ = {isa = PBXFileReference; lastKnownFileType = sourcecode.swift; path = NetworkError.swift; sourceTree = "<group>"; };
		5AE838962C07219600D3E2C1 /* NetworkServices.swift */ = {isa = PBXFileReference; lastKnownFileType = sourcecode.swift; path = NetworkServices.swift; sourceTree = "<group>"; };
		5AE838992C07228900D3E2C1 /* Cancallable.swift */ = {isa = PBXFileReference; lastKnownFileType = sourcecode.swift; path = Cancallable.swift; sourceTree = "<group>"; };
		5AE8389D2C072E0900D3E2C1 /* DataTransferService.swift */ = {isa = PBXFileReference; lastKnownFileType = sourcecode.swift; path = DataTransferService.swift; sourceTree = "<group>"; };
		5AE8389F2C0733A200D3E2C1 /* Configuration.swift */ = {isa = PBXFileReference; lastKnownFileType = sourcecode.swift; path = Configuration.swift; sourceTree = "<group>"; };
		5AE838A42C07383700D3E2C1 /* ProductEndpoints.swift */ = {isa = PBXFileReference; lastKnownFileType = sourcecode.swift; path = ProductEndpoints.swift; sourceTree = "<group>"; };
		5AE838AD2C0741A500D3E2C1 /* ProductList.swift */ = {isa = PBXFileReference; lastKnownFileType = sourcecode.swift; path = ProductList.swift; sourceTree = "<group>"; };
		5AE838AF2C0741B300D3E2C1 /* ProductDetail.swift */ = {isa = PBXFileReference; lastKnownFileType = sourcecode.swift; path = ProductDetail.swift; sourceTree = "<group>"; };
		5AE838B12C07475800D3E2C1 /* NavigationBarView.swift */ = {isa = PBXFileReference; lastKnownFileType = sourcecode.swift; path = NavigationBarView.swift; sourceTree = "<group>"; };
		5AE838B32C074A7000D3E2C1 /* LogoView.swift */ = {isa = PBXFileReference; lastKnownFileType = sourcecode.swift; path = LogoView.swift; sourceTree = "<group>"; };
		5AE838B52C074EC800D3E2C1 /* ProductListView.swift */ = {isa = PBXFileReference; lastKnownFileType = sourcecode.swift; path = ProductListView.swift; sourceTree = "<group>"; };
		5AE838B72C074FB900D3E2C1 /* Constants.swift */ = {isa = PBXFileReference; lastKnownFileType = sourcecode.swift; path = Constants.swift; sourceTree = "<group>"; };
		5AE838BB2C075AA300D3E2C1 /* ProductItemView.swift */ = {isa = PBXFileReference; lastKnownFileType = sourcecode.swift; path = ProductItemView.swift; sourceTree = "<group>"; };
		5AE838BD2C075B6500D3E2C1 /* BundleDecodable.swift */ = {isa = PBXFileReference; lastKnownFileType = sourcecode.swift; path = BundleDecodable.swift; sourceTree = "<group>"; };
		5AE838C22C075C1100D3E2C1 /* products.json */ = {isa = PBXFileReference; fileEncoding = 4; lastKnownFileType = text.json; path = products.json; sourceTree = "<group>"; };
		5AE838C62C07746000D3E2C1 /* ProductListViewModel.swift */ = {isa = PBXFileReference; lastKnownFileType = sourcecode.swift; path = ProductListViewModel.swift; sourceTree = "<group>"; };
		5AE838C92C07775100D3E2C1 /* DefaultProductListRepository.swift */ = {isa = PBXFileReference; lastKnownFileType = sourcecode.swift; path = DefaultProductListRepository.swift; sourceTree = "<group>"; };
		5AE838CB2C07776500D3E2C1 /* DefaultProductDetailRepository.swift */ = {isa = PBXFileReference; lastKnownFileType = sourcecode.swift; path = DefaultProductDetailRepository.swift; sourceTree = "<group>"; };
		5AE838CF2C07779A00D3E2C1 /* ProductListRepository.swift */ = {isa = PBXFileReference; lastKnownFileType = sourcecode.swift; path = ProductListRepository.swift; sourceTree = "<group>"; };
		5AE838D12C0777A700D3E2C1 /* ProductDetailRepository.swift */ = {isa = PBXFileReference; lastKnownFileType = sourcecode.swift; path = ProductDetailRepository.swift; sourceTree = "<group>"; };
		5AE838D32C0778D300D3E2C1 /* RepositoryTask.swift */ = {isa = PBXFileReference; lastKnownFileType = sourcecode.swift; path = RepositoryTask.swift; sourceTree = "<group>"; };
		5AE838D62C078B2F00D3E2C1 /* GetProductListUseCase.swift */ = {isa = PBXFileReference; lastKnownFileType = sourcecode.swift; path = GetProductListUseCase.swift; sourceTree = "<group>"; };
		5AE838D82C078B3A00D3E2C1 /* GetProductDetailUseCase.swift */ = {isa = PBXFileReference; lastKnownFileType = sourcecode.swift; path = GetProductDetailUseCase.swift; sourceTree = "<group>"; };
		5AE838DB2C07997200D3E2C1 /* DI.swift */ = {isa = PBXFileReference; lastKnownFileType = sourcecode.swift; path = DI.swift; sourceTree = "<group>"; };
		5AE838DF2C079C2000D3E2C1 /* ProductDetailViewModel.swift */ = {isa = PBXFileReference; lastKnownFileType = sourcecode.swift; path = ProductDetailViewModel.swift; sourceTree = "<group>"; };
		5AE838E12C07B4FD00D3E2C1 /* ProductDetailView.swift */ = {isa = PBXFileReference; lastKnownFileType = sourcecode.swift; path = ProductDetailView.swift; sourceTree = "<group>"; };
		5AE838E32C08790700D3E2C1 /* AlertView.swift */ = {isa = PBXFileReference; lastKnownFileType = sourcecode.swift; path = AlertView.swift; sourceTree = "<group>"; };
		5AE838E72C087AA300D3E2C1 /* ContentModel.swift */ = {isa = PBXFileReference; lastKnownFileType = sourcecode.swift; path = ContentModel.swift; sourceTree = "<group>"; };
		5AE838EA2C08830000D3E2C1 /* NavigationManager.swift */ = {isa = PBXFileReference; lastKnownFileType = sourcecode.swift; path = NavigationManager.swift; sourceTree = "<group>"; };
		5AE838EC2C08862B00D3E2C1 /* NavigationView.swift */ = {isa = PBXFileReference; lastKnownFileType = sourcecode.swift; path = NavigationView.swift; sourceTree = "<group>"; };
		5AE838EE2C0889A700D3E2C1 /* productDetail.json */ = {isa = PBXFileReference; fileEncoding = 4; lastKnownFileType = text.json; path = productDetail.json; sourceTree = "<group>"; };
		5AE838F02C088EE200D3E2C1 /* RatingView.swift */ = {isa = PBXFileReference; lastKnownFileType = sourcecode.swift; path = RatingView.swift; sourceTree = "<group>"; };
		5AE838F22C08A28900D3E2C1 /* ProductHeaderView.swift */ = {isa = PBXFileReference; lastKnownFileType = sourcecode.swift; path = ProductHeaderView.swift; sourceTree = "<group>"; };
		5AE838F42C08A4C300D3E2C1 /* RoundedCorner.swift */ = {isa = PBXFileReference; lastKnownFileType = sourcecode.swift; path = RoundedCorner.swift; sourceTree = "<group>"; };
		5AE838F62C08AD7600D3E2C1 /* DiscountTagView.swift */ = {isa = PBXFileReference; lastKnownFileType = sourcecode.swift; path = DiscountTagView.swift; sourceTree = "<group>"; };
		5AE838F82C08B7B200D3E2C1 /* ProductDetailImageView.swift */ = {isa = PBXFileReference; lastKnownFileType = sourcecode.swift; path = ProductDetailImageView.swift; sourceTree = "<group>"; };
		5AE838FA2C08BE9800D3E2C1 /* CustomShape.swift */ = {isa = PBXFileReference; lastKnownFileType = sourcecode.swift; path = CustomShape.swift; sourceTree = "<group>"; };
/* End PBXFileReference section */

/* Begin PBXFrameworksBuildPhase section */
		5A20781A2C070DA700CEE67B /* Frameworks */ = {
			isa = PBXFrameworksBuildPhase;
			buildActionMask = 2147483647;
			files = (
			);
			runOnlyForDeploymentPostprocessing = 0;
		};
		5A20782A2C070DA900CEE67B /* Frameworks */ = {
			isa = PBXFrameworksBuildPhase;
			buildActionMask = 2147483647;
			files = (
				5A7C2C782C0F403100D4084D /* InlineSnapshotTesting in Frameworks */,
				5A7C2C7A2C0F403100D4084D /* SnapshotTesting in Frameworks */,
			);
			runOnlyForDeploymentPostprocessing = 0;
		};
		5A2078342C070DA900CEE67B /* Frameworks */ = {
			isa = PBXFrameworksBuildPhase;
			buildActionMask = 2147483647;
			files = (
			);
			runOnlyForDeploymentPostprocessing = 0;
		};
/* End PBXFrameworksBuildPhase section */

/* Begin PBXGroup section */
		5A2078142C070DA700CEE67B = {
			isa = PBXGroup;
			children = (
				5A20781F2C070DA700CEE67B /* Cart&Mart */,
				5A2078302C070DA900CEE67B /* Cart&MartTests */,
				5A20783A2C070DA900CEE67B /* Cart&MartUITests */,
				5A20781E2C070DA700CEE67B /* Products */,
			);
			sourceTree = "<group>";
		};
		5A20781E2C070DA700CEE67B /* Products */ = {
			isa = PBXGroup;
			children = (
				5A20781D2C070DA700CEE67B /* Cart&Mart.app */,
				5A20782D2C070DA900CEE67B /* Cart&MartTests.xctest */,
				5A2078372C070DA900CEE67B /* Cart&MartUITests.xctest */,
			);
			name = Products;
			sourceTree = "<group>";
		};
		5A20781F2C070DA700CEE67B /* Cart&Mart */ = {
			isa = PBXGroup;
			children = (
				5A20784F2C070DE000CEE67B /* Application */,
				5A20784E2C070DDA00CEE67B /* Presentation */,
				5A20784D2C070DD500CEE67B /* Domain */,
				5A20784C2C070DD000CEE67B /* Data */,
				5AE838982C07227400D3E2C1 /* Common */,
				5A20784B2C070DBA00CEE67B /* Network */,
				5A20784A2C070DB300CEE67B /* Resources */,
				5A2078262C070DA900CEE67B /* Preview Content */,
			);
			path = "Cart&Mart";
			sourceTree = "<group>";
		};
		5A2078262C070DA900CEE67B /* Preview Content */ = {
			isa = PBXGroup;
			children = (
				5A2078272C070DA900CEE67B /* Preview Assets.xcassets */,
			);
			path = "Preview Content";
			sourceTree = "<group>";
		};
		5A2078302C070DA900CEE67B /* Cart&MartTests */ = {
			isa = PBXGroup;
			children = (
				5A2078312C070DA900CEE67B /* Cart_MartTests.swift */,
				5A732D762C09BF1B00E56750 /* Application */,
				5AA5D9012C0A0AD600C97659 /* Presentation */,
				5A732D7B2C09C6B300E56750 /* Domain */,
				5AA5D8F52C09EBB200C97659 /* Data */,
				5AA5D8F42C09E0C000C97659 /* Common */,
				5A732D862C09CB8300E56750 /* Stubs */,
			);
			path = "Cart&MartTests";
			sourceTree = "<group>";
		};
		5A20783A2C070DA900CEE67B /* Cart&MartUITests */ = {
			isa = PBXGroup;
			children = (
				5A20783B2C070DA900CEE67B /* Cart_MartUITests.swift */,
				5A20783D2C070DA900CEE67B /* Cart_MartUITestsLaunchTests.swift */,
			);
			path = "Cart&MartUITests";
			sourceTree = "<group>";
		};
		5A20784A2C070DB300CEE67B /* Resources */ = {
			isa = PBXGroup;
			children = (
				5AE838BF2C075B8200D3E2C1 /* JSON */,
				5AE838892C07152100D3E2C1 /* Cart-Mart-Info.plist */,
				5A2078242C070DA900CEE67B /* Assets.xcassets */,
			);
			path = Resources;
			sourceTree = "<group>";
		};
		5A20784B2C070DBA00CEE67B /* Network */ = {
			isa = PBXGroup;
			children = (
				5AE8388A2C071A5300D3E2C1 /* NetworkConfiguration.swift */,
				5AE8388C2C071AEB00D3E2C1 /* APIRequest.swift */,
				5AE8388E2C071AFD00D3E2C1 /* APIEndPoint.swift */,
				5AE838902C071B7100D3E2C1 /* ResponseDecoder.swift */,
				5AE838922C071DEB00D3E2C1 /* SessionManager.swift */,
				5AE838942C071F0E00D3E2C1 /* NetworkError.swift */,
				5AE838962C07219600D3E2C1 /* NetworkServices.swift */,
				5AE8389D2C072E0900D3E2C1 /* DataTransferService.swift */,
			);
			path = Network;
			sourceTree = "<group>";
		};
		5A20784C2C070DD000CEE67B /* Data */ = {
			isa = PBXGroup;
			children = (
				5AE838C82C07773900D3E2C1 /* Repositories */,
				5AE838A12C0737E400D3E2C1 /* Network */,
			);
			path = Data;
			sourceTree = "<group>";
		};
		5A20784D2C070DD500CEE67B /* Domain */ = {
			isa = PBXGroup;
			children = (
				5AE838D52C078ADE00D3E2C1 /* UseCases */,
				5AE838CD2C07777B00D3E2C1 /* Interfaces */,
				5AE838AC2C07419200D3E2C1 /* Entities */,
			);
			path = Domain;
			sourceTree = "<group>";
		};
		5A20784E2C070DDA00CEE67B /* Presentation */ = {
			isa = PBXGroup;
			children = (
				5AE838AA2C0740E300D3E2C1 /* ProductList */,
				5AE838AB2C0740EA00D3E2C1 /* ProductDetail */,
			);
			path = Presentation;
			sourceTree = "<group>";
		};
		5A20784F2C070DE000CEE67B /* Application */ = {
			isa = PBXGroup;
			children = (
				5A2078202C070DA700CEE67B /* Cart_MartApp.swift */,
				5AE8389F2C0733A200D3E2C1 /* Configuration.swift */,
				5AE838DA2C07991D00D3E2C1 /* DependencyInjection */,
				5AE838E92C0882DB00D3E2C1 /* Navigation */,
			);
			path = Application;
			sourceTree = "<group>";
		};
		5A732D762C09BF1B00E56750 /* Application */ = {
			isa = PBXGroup;
			children = (
				5A732D772C09BF5D00E56750 /* Configuration_Test.swift */,
			);
			path = Application;
			sourceTree = "<group>";
		};
		5A732D7B2C09C6B300E56750 /* Domain */ = {
			isa = PBXGroup;
			children = (
				5AA5D8EC2C09D85C00C97659 /* Entities */,
				5A732D7C2C09C6DD00E56750 /* UseCases */,
			);
			path = Domain;
			sourceTree = "<group>";
		};
		5A732D7C2C09C6DD00E56750 /* UseCases */ = {
			isa = PBXGroup;
			children = (
				5A732D7D2C09C6EC00E56750 /* Mock */,
				5A732D822C09CAB300E56750 /* ProductListUseCase_Test.swift */,
				5A732D842C09CAC800E56750 /* ProductDetailUseCase_Test.swift */,
			);
			path = UseCases;
			sourceTree = "<group>";
		};
		5A732D7D2C09C6EC00E56750 /* Mock */ = {
			isa = PBXGroup;
			children = (
				5A732D7E2C09C71500E56750 /* ProductListRepositoryMock.swift */,
				5A732D802C09C72A00E56750 /* ProductDetailRepositoryMock.swift */,
			);
			path = Mock;
			sourceTree = "<group>";
		};
		5A732D862C09CB8300E56750 /* Stubs */ = {
			isa = PBXGroup;
			children = (
				5AA5D8F12C09DE0500C97659 /* JSON */,
				5A732D872C09CBBD00E56750 /* ProductListStubs.swift */,
				5A732D892C09CBC900E56750 /* ProductDetailStubs.swift */,
			);
			path = Stubs;
			sourceTree = "<group>";
		};
		5A7C2C732C0F21D800D4084D /* Views */ = {
			isa = PBXGroup;
			children = (
				5AE838F42C08A4C300D3E2C1 /* RoundedCorner.swift */,
				5AE838FA2C08BE9800D3E2C1 /* CustomShape.swift */,
				5AC1D9B92C0E412300F0B19D /* ErrorContentView.swift */,
				5AE838E32C08790700D3E2C1 /* AlertView.swift */,
			);
			path = Views;
			sourceTree = "<group>";
		};
		5AA5D8EC2C09D85C00C97659 /* Entities */ = {
			isa = PBXGroup;
			children = (
				5AA5D8ED2C09D8A100C97659 /* ProductDetail_Test.swift */,
			);
			path = Entities;
			sourceTree = "<group>";
		};
		5AA5D8F12C09DE0500C97659 /* JSON */ = {
			isa = PBXGroup;
			children = (
				5AA5D8EF2C09DE0500C97659 /* productDetail.json */,
				5AA5D8F02C09DE0500C97659 /* products.json */,
			);
			path = JSON;
			sourceTree = "<group>";
		};
		5AA5D8F42C09E0C000C97659 /* Common */ = {
			isa = PBXGroup;
			children = (
				5AC1D9B52C0E3C0B00F0B19D /* Helper.swift */,
				5A5E001F2C10B958001BF72D /* UtilityTests.swift */,
			);
			path = Common;
			sourceTree = "<group>";
		};
		5AA5D8F52C09EBB200C97659 /* Data */ = {
			isa = PBXGroup;
			children = (
				5AA5D8F62C09EBB700C97659 /* Repositories */,
			);
			path = Data;
			sourceTree = "<group>";
		};
		5AA5D8F62C09EBB700C97659 /* Repositories */ = {
			isa = PBXGroup;
			children = (
				5AA5D8FC2C09F53600C97659 /* Mock */,
				5AA5D8F72C09EBEA00C97659 /* DeafultProductListRepository_Test.swift */,
				5AA5D8F92C09EBFB00C97659 /* DeafultProductDetailRepository_Test.swift */,
				5AA5D8FF2C0A058900C97659 /* RepositoryTask_Test.swift */,
			);
			path = Repositories;
			sourceTree = "<group>";
		};
		5AA5D8FC2C09F53600C97659 /* Mock */ = {
			isa = PBXGroup;
			children = (
				5AA5D8FD2C09F54F00C97659 /* DataTransferServicesMock.swift */,
			);
			path = Mock;
			sourceTree = "<group>";
		};
		5AA5D9012C0A0AD600C97659 /* Presentation */ = {
			isa = PBXGroup;
			children = (
				5AC1D9B22C0DFF8000F0B19D /* Views */,
				5AA5D9022C0A0AEA00C97659 /* ViewModels */,
			);
			path = Presentation;
			sourceTree = "<group>";
		};
		5AA5D9022C0A0AEA00C97659 /* ViewModels */ = {
			isa = PBXGroup;
			children = (
				5AA5D9072C0A0CD600C97659 /* Mock */,
				5AA5D9032C0A0B1B00C97659 /* ProductListViewModelTest_Test.swift */,
				5AA5D9052C0A0B2F00C97659 /* ProductDetailViewModel_Test.swift */,
			);
			path = ViewModels;
			sourceTree = "<group>";
		};
		5AA5D9072C0A0CD600C97659 /* Mock */ = {
			isa = PBXGroup;
			children = (
				5AA5D9082C0A0CE900C97659 /* ProductListUseCaseMock.swift */,
				5AA5D90A2C0A0CF400C97659 /* ProductDetailUseCaseMock.swift */,
			);
			path = Mock;
			sourceTree = "<group>";
		};
		5AB511B42C08D005004F1A7B /* Scene */ = {
			isa = PBXGroup;
			children = (
				5AE838B52C074EC800D3E2C1 /* ProductListView.swift */,
			);
			path = Scene;
			sourceTree = "<group>";
		};
		5AB511B52C08D01B004F1A7B /* Scene */ = {
			isa = PBXGroup;
			children = (
				5AE838E12C07B4FD00D3E2C1 /* ProductDetailView.swift */,
			);
			path = Scene;
			sourceTree = "<group>";
		};
		5AC1D9B22C0DFF8000F0B19D /* Views */ = {
			isa = PBXGroup;
			children = (
				5AC1D9B32C0E0BBC00F0B19D /* ProductListView_Test.swift */,
				5AC1D9BB2C0E44F700F0B19D /* ProductDetailView_Tests.swift */,
			);
			path = Views;
			sourceTree = "<group>";
		};
		5AE838982C07227400D3E2C1 /* Common */ = {
			isa = PBXGroup;
			children = (
				5A7C2C732C0F21D800D4084D /* Views */,
				5AE838992C07228900D3E2C1 /* Cancallable.swift */,
				5AE838B72C074FB900D3E2C1 /* Constants.swift */,
				5AE838BD2C075B6500D3E2C1 /* BundleDecodable.swift */,
				5AE838E72C087AA300D3E2C1 /* ContentModel.swift */,
				5A5E001D2C10B81A001BF72D /* Utility.swift */,
			);
			path = Common;
			sourceTree = "<group>";
		};
		5AE838A12C0737E400D3E2C1 /* Network */ = {
			isa = PBXGroup;
			children = (
				5AE838A22C0737F700D3E2C1 /* Router */,
			);
			path = Network;
			sourceTree = "<group>";
		};
		5AE838A22C0737F700D3E2C1 /* Router */ = {
			isa = PBXGroup;
			children = (
				5AE838A42C07383700D3E2C1 /* ProductEndpoints.swift */,
			);
			path = Router;
			sourceTree = "<group>";
		};
		5AE838AA2C0740E300D3E2C1 /* ProductList */ = {
			isa = PBXGroup;
			children = (
				5AE838C52C07741100D3E2C1 /* ViewModel */,
				5AE838C42C07740900D3E2C1 /* Views */,
				5AB511B42C08D005004F1A7B /* Scene */,
			);
			path = ProductList;
			sourceTree = "<group>";
		};
		5AE838AB2C0740EA00D3E2C1 /* ProductDetail */ = {
			isa = PBXGroup;
			children = (
				5AE838DE2C079C0E00D3E2C1 /* ViewModel */,
				5AE838DD2C079C0B00D3E2C1 /* View */,
				5AB511B52C08D01B004F1A7B /* Scene */,
			);
			path = ProductDetail;
			sourceTree = "<group>";
		};
		5AE838AC2C07419200D3E2C1 /* Entities */ = {
			isa = PBXGroup;
			children = (
				5AE838AD2C0741A500D3E2C1 /* ProductList.swift */,
				5AE838AF2C0741B300D3E2C1 /* ProductDetail.swift */,
			);
			path = Entities;
			sourceTree = "<group>";
		};
		5AE838BF2C075B8200D3E2C1 /* JSON */ = {
			isa = PBXGroup;
			children = (
				5AE838C22C075C1100D3E2C1 /* products.json */,
				5AE838EE2C0889A700D3E2C1 /* productDetail.json */,
			);
			path = JSON;
			sourceTree = "<group>";
		};
		5AE838C42C07740900D3E2C1 /* Views */ = {
			isa = PBXGroup;
			children = (
				5AE838B32C074A7000D3E2C1 /* LogoView.swift */,
				5AE838B12C07475800D3E2C1 /* NavigationBarView.swift */,
				5AE838BB2C075AA300D3E2C1 /* ProductItemView.swift */,
				5A92A0D62C0CDB5700E16832 /* ProductImageView.swift */,
				5AC1D9B72C0E3FB800F0B19D /* ProductListGridView.swift */,
			);
			path = Views;
			sourceTree = "<group>";
		};
		5AE838C52C07741100D3E2C1 /* ViewModel */ = {
			isa = PBXGroup;
			children = (
				5AE838C62C07746000D3E2C1 /* ProductListViewModel.swift */,
				5A5E00192C10B2B8001BF72D /* ProductPresentationModel.swift */,
			);
			path = ViewModel;
			sourceTree = "<group>";
		};
		5AE838C82C07773900D3E2C1 /* Repositories */ = {
			isa = PBXGroup;
			children = (
				5AE838C92C07775100D3E2C1 /* DefaultProductListRepository.swift */,
				5AE838CB2C07776500D3E2C1 /* DefaultProductDetailRepository.swift */,
				5AE838D32C0778D300D3E2C1 /* RepositoryTask.swift */,
			);
			path = Repositories;
			sourceTree = "<group>";
		};
		5AE838CD2C07777B00D3E2C1 /* Interfaces */ = {
			isa = PBXGroup;
			children = (
				5AE838CE2C07778800D3E2C1 /* Repositories */,
			);
			path = Interfaces;
			sourceTree = "<group>";
		};
		5AE838CE2C07778800D3E2C1 /* Repositories */ = {
			isa = PBXGroup;
			children = (
				5AE838CF2C07779A00D3E2C1 /* ProductListRepository.swift */,
				5AE838D12C0777A700D3E2C1 /* ProductDetailRepository.swift */,
			);
			path = Repositories;
			sourceTree = "<group>";
		};
		5AE838D52C078ADE00D3E2C1 /* UseCases */ = {
			isa = PBXGroup;
			children = (
				5AE838D62C078B2F00D3E2C1 /* GetProductListUseCase.swift */,
				5AE838D82C078B3A00D3E2C1 /* GetProductDetailUseCase.swift */,
			);
			path = UseCases;
			sourceTree = "<group>";
		};
		5AE838DA2C07991D00D3E2C1 /* DependencyInjection */ = {
			isa = PBXGroup;
			children = (
				5AE838DB2C07997200D3E2C1 /* DI.swift */,
			);
			path = DependencyInjection;
			sourceTree = "<group>";
		};
		5AE838DD2C079C0B00D3E2C1 /* View */ = {
			isa = PBXGroup;
			children = (
				5AE838F02C088EE200D3E2C1 /* RatingView.swift */,
				5AE838F22C08A28900D3E2C1 /* ProductHeaderView.swift */,
				5AE838F62C08AD7600D3E2C1 /* DiscountTagView.swift */,
				5AE838F82C08B7B200D3E2C1 /* ProductDetailImageView.swift */,
				5AB511B62C08D8AB004F1A7B /* ProductDetailNavigationBarView.swift */,
				5AB511B82C08DC48004F1A7B /* StockStatusView.swift */,
				5AB511BA2C08E2F7004F1A7B /* ProductAdditionalInfoView.swift */,
				5AB511BC2C08E9B7004F1A7B /* ProductAdditionalInfoGroupView.swift */,
			);
			path = View;
			sourceTree = "<group>";
		};
		5AE838DE2C079C0E00D3E2C1 /* ViewModel */ = {
			isa = PBXGroup;
			children = (
				5AE838DF2C079C2000D3E2C1 /* ProductDetailViewModel.swift */,
				5A5E001B2C10B3FA001BF72D /* ProductDetailPresentationModel.swift */,
			);
			path = ViewModel;
			sourceTree = "<group>";
		};
		5AE838E92C0882DB00D3E2C1 /* Navigation */ = {
			isa = PBXGroup;
			children = (
				5AE838EA2C08830000D3E2C1 /* NavigationManager.swift */,
				5AE838EC2C08862B00D3E2C1 /* NavigationView.swift */,
			);
			path = Navigation;
			sourceTree = "<group>";
		};
/* End PBXGroup section */

/* Begin PBXNativeTarget section */
		5A20781C2C070DA700CEE67B /* Cart&Mart */ = {
			isa = PBXNativeTarget;
			buildConfigurationList = 5A2078412C070DA900CEE67B /* Build configuration list for PBXNativeTarget "Cart&Mart" */;
			buildPhases = (
				5A2078192C070DA700CEE67B /* Sources */,
				5A20781A2C070DA700CEE67B /* Frameworks */,
				5A20781B2C070DA700CEE67B /* Resources */,
			);
			buildRules = (
			);
			dependencies = (
			);
			name = "Cart&Mart";
			productName = "Cart&Mart";
			productReference = 5A20781D2C070DA700CEE67B /* Cart&Mart.app */;
			productType = "com.apple.product-type.application";
		};
		5A20782C2C070DA900CEE67B /* Cart&MartTests */ = {
			isa = PBXNativeTarget;
			buildConfigurationList = 5A2078442C070DA900CEE67B /* Build configuration list for PBXNativeTarget "Cart&MartTests" */;
			buildPhases = (
				5A2078292C070DA900CEE67B /* Sources */,
				5A20782A2C070DA900CEE67B /* Frameworks */,
				5A20782B2C070DA900CEE67B /* Resources */,
			);
			buildRules = (
			);
			dependencies = (
				5A20782F2C070DA900CEE67B /* PBXTargetDependency */,
			);
			name = "Cart&MartTests";
			packageProductDependencies = (
				5A7C2C772C0F403100D4084D /* InlineSnapshotTesting */,
				5A7C2C792C0F403100D4084D /* SnapshotTesting */,
			);
			productName = "Cart&MartTests";
			productReference = 5A20782D2C070DA900CEE67B /* Cart&MartTests.xctest */;
			productType = "com.apple.product-type.bundle.unit-test";
		};
		5A2078362C070DA900CEE67B /* Cart&MartUITests */ = {
			isa = PBXNativeTarget;
			buildConfigurationList = 5A2078472C070DA900CEE67B /* Build configuration list for PBXNativeTarget "Cart&MartUITests" */;
			buildPhases = (
				5A2078332C070DA900CEE67B /* Sources */,
				5A2078342C070DA900CEE67B /* Frameworks */,
				5A2078352C070DA900CEE67B /* Resources */,
			);
			buildRules = (
			);
			dependencies = (
				5A2078392C070DA900CEE67B /* PBXTargetDependency */,
			);
			name = "Cart&MartUITests";
			productName = "Cart&MartUITests";
			productReference = 5A2078372C070DA900CEE67B /* Cart&MartUITests.xctest */;
			productType = "com.apple.product-type.bundle.ui-testing";
		};
/* End PBXNativeTarget section */

/* Begin PBXProject section */
		5A2078152C070DA700CEE67B /* Project object */ = {
			isa = PBXProject;
			attributes = {
				BuildIndependentTargetsInParallel = 1;
				LastSwiftUpdateCheck = 1530;
				LastUpgradeCheck = 1530;
				TargetAttributes = {
					5A20781C2C070DA700CEE67B = {
						CreatedOnToolsVersion = 15.3;
					};
					5A20782C2C070DA900CEE67B = {
						CreatedOnToolsVersion = 15.3;
						TestTargetID = 5A20781C2C070DA700CEE67B;
					};
					5A2078362C070DA900CEE67B = {
						CreatedOnToolsVersion = 15.3;
						TestTargetID = 5A20781C2C070DA700CEE67B;
					};
				};
			};
			buildConfigurationList = 5A2078182C070DA700CEE67B /* Build configuration list for PBXProject "Cart&Mart" */;
			compatibilityVersion = "Xcode 14.0";
			developmentRegion = en;
			hasScannedForEncodings = 0;
			knownRegions = (
				en,
				Base,
			);
			mainGroup = 5A2078142C070DA700CEE67B;
			packageReferences = (
				5A7C2C762C0F403100D4084D /* XCRemoteSwiftPackageReference "swift-snapshot-testing" */,
			);
			productRefGroup = 5A20781E2C070DA700CEE67B /* Products */;
			projectDirPath = "";
			projectRoot = "";
			targets = (
				5A20781C2C070DA700CEE67B /* Cart&Mart */,
				5A20782C2C070DA900CEE67B /* Cart&MartTests */,
				5A2078362C070DA900CEE67B /* Cart&MartUITests */,
			);
		};
/* End PBXProject section */

/* Begin PBXResourcesBuildPhase section */
		5A20781B2C070DA700CEE67B /* Resources */ = {
			isa = PBXResourcesBuildPhase;
			buildActionMask = 2147483647;
			files = (
				5AE838C32C075C1100D3E2C1 /* products.json in Resources */,
				5A2078282C070DA900CEE67B /* Preview Assets.xcassets in Resources */,
				5AE838EF2C0889A700D3E2C1 /* productDetail.json in Resources */,
				5A2078252C070DA900CEE67B /* Assets.xcassets in Resources */,
			);
			runOnlyForDeploymentPostprocessing = 0;
		};
		5A20782B2C070DA900CEE67B /* Resources */ = {
			isa = PBXResourcesBuildPhase;
			buildActionMask = 2147483647;
			files = (
				5AA5D8F22C09DE0500C97659 /* productDetail.json in Resources */,
				5AA5D8F32C09DE0500C97659 /* products.json in Resources */,
			);
			runOnlyForDeploymentPostprocessing = 0;
		};
		5A2078352C070DA900CEE67B /* Resources */ = {
			isa = PBXResourcesBuildPhase;
			buildActionMask = 2147483647;
			files = (
			);
			runOnlyForDeploymentPostprocessing = 0;
		};
/* End PBXResourcesBuildPhase section */

/* Begin PBXSourcesBuildPhase section */
		5A2078192C070DA700CEE67B /* Sources */ = {
			isa = PBXSourcesBuildPhase;
			buildActionMask = 2147483647;
			files = (
				5AE838F72C08AD7600D3E2C1 /* DiscountTagView.swift in Sources */,
				5AE838D22C0777A700D3E2C1 /* ProductDetailRepository.swift in Sources */,
				5AB511BB2C08E2F7004F1A7B /* ProductAdditionalInfoView.swift in Sources */,
				5AE838E22C07B4FD00D3E2C1 /* ProductDetailView.swift in Sources */,
				5AE838CC2C07776500D3E2C1 /* DefaultProductDetailRepository.swift in Sources */,
				5AB511BD2C08E9B7004F1A7B /* ProductAdditionalInfoGroupView.swift in Sources */,
				5A5E001A2C10B2B8001BF72D /* ProductPresentationModel.swift in Sources */,
				5AE838F32C08A28900D3E2C1 /* ProductHeaderView.swift in Sources */,
				5AE838CA2C07775100D3E2C1 /* DefaultProductListRepository.swift in Sources */,
				5AE838B02C0741B300D3E2C1 /* ProductDetail.swift in Sources */,
				5AE838F52C08A4C300D3E2C1 /* RoundedCorner.swift in Sources */,
				5AE838952C071F0E00D3E2C1 /* NetworkError.swift in Sources */,
				5AE838D72C078B2F00D3E2C1 /* GetProductListUseCase.swift in Sources */,
				5AE8389A2C07228900D3E2C1 /* Cancallable.swift in Sources */,
				5AE838E02C079C2000D3E2C1 /* ProductDetailViewModel.swift in Sources */,
				5AE838EB2C08830000D3E2C1 /* NavigationManager.swift in Sources */,
				5AE838ED2C08862B00D3E2C1 /* NavigationView.swift in Sources */,
				5AE838D92C078B3A00D3E2C1 /* GetProductDetailUseCase.swift in Sources */,
				5AB511B92C08DC48004F1A7B /* StockStatusView.swift in Sources */,
				5AC1D9B82C0E3FB800F0B19D /* ProductListGridView.swift in Sources */,
				5AE838DC2C07997200D3E2C1 /* DI.swift in Sources */,
				5AE838F92C08B7B200D3E2C1 /* ProductDetailImageView.swift in Sources */,
				5AE838B62C074EC800D3E2C1 /* ProductListView.swift in Sources */,
				5AC1D9BA2C0E412300F0B19D /* ErrorContentView.swift in Sources */,
				5AB511B72C08D8AB004F1A7B /* ProductDetailNavigationBarView.swift in Sources */,
				5AE838912C071B7100D3E2C1 /* ResponseDecoder.swift in Sources */,
				5AE838E42C08790700D3E2C1 /* AlertView.swift in Sources */,
				5AE838972C07219600D3E2C1 /* NetworkServices.swift in Sources */,
				5AE8388F2C071AFD00D3E2C1 /* APIEndPoint.swift in Sources */,
				5AE838B42C074A7000D3E2C1 /* LogoView.swift in Sources */,
				5AE838A02C0733A200D3E2C1 /* Configuration.swift in Sources */,
				5AE838B22C07475800D3E2C1 /* NavigationBarView.swift in Sources */,
				5AE838FB2C08BE9800D3E2C1 /* CustomShape.swift in Sources */,
				5AE838BC2C075AA300D3E2C1 /* ProductItemView.swift in Sources */,
				5AE838BE2C075B6500D3E2C1 /* BundleDecodable.swift in Sources */,
				5AE838B82C074FB900D3E2C1 /* Constants.swift in Sources */,
				5AE838C72C07746000D3E2C1 /* ProductListViewModel.swift in Sources */,
				5A2078212C070DA700CEE67B /* Cart_MartApp.swift in Sources */,
				5A5E001C2C10B3FA001BF72D /* ProductDetailPresentationModel.swift in Sources */,
				5AE838A52C07383700D3E2C1 /* ProductEndpoints.swift in Sources */,
				5AE838D02C07779A00D3E2C1 /* ProductListRepository.swift in Sources */,
				5AE8389E2C072E0900D3E2C1 /* DataTransferService.swift in Sources */,
				5A92A0D72C0CDB5700E16832 /* ProductImageView.swift in Sources */,
				5AE838AE2C0741A500D3E2C1 /* ProductList.swift in Sources */,
				5AE838E82C087AA300D3E2C1 /* ContentModel.swift in Sources */,
				5AE838D42C0778D300D3E2C1 /* RepositoryTask.swift in Sources */,
				5AE8388D2C071AEB00D3E2C1 /* APIRequest.swift in Sources */,
				5AE8388B2C071A5300D3E2C1 /* NetworkConfiguration.swift in Sources */,
				5AE838F12C088EE200D3E2C1 /* RatingView.swift in Sources */,
				5AE838932C071DEB00D3E2C1 /* SessionManager.swift in Sources */,
				5A5E001E2C10B81A001BF72D /* Utility.swift in Sources */,
			);
			runOnlyForDeploymentPostprocessing = 0;
		};
		5A2078292C070DA900CEE67B /* Sources */ = {
			isa = PBXSourcesBuildPhase;
			buildActionMask = 2147483647;
			files = (
				5AA5D8FA2C09EBFB00C97659 /* DeafultProductDetailRepository_Test.swift in Sources */,
				5A732D8A2C09CBC900E56750 /* ProductDetailStubs.swift in Sources */,
				5AA5D9002C0A058900C97659 /* RepositoryTask_Test.swift in Sources */,
				5A5E00202C10B958001BF72D /* UtilityTests.swift in Sources */,
				5A732D832C09CAB300E56750 /* ProductListUseCase_Test.swift in Sources */,
				5AA5D9062C0A0B2F00C97659 /* ProductDetailViewModel_Test.swift in Sources */,
				5A732D782C09BF5D00E56750 /* Configuration_Test.swift in Sources */,
				5A732D852C09CAC800E56750 /* ProductDetailUseCase_Test.swift in Sources */,
				5AA5D8EE2C09D8A100C97659 /* ProductDetail_Test.swift in Sources */,
				5AC1D9B62C0E3C0B00F0B19D /* Helper.swift in Sources */,
				5AC1D9BC2C0E44F700F0B19D /* ProductDetailView_Tests.swift in Sources */,
				5A2078322C070DA900CEE67B /* Cart_MartTests.swift in Sources */,
				5AA5D90B2C0A0CF400C97659 /* ProductDetailUseCaseMock.swift in Sources */,
				5AA5D9092C0A0CE900C97659 /* ProductListUseCaseMock.swift in Sources */,
				5A732D812C09C72A00E56750 /* ProductDetailRepositoryMock.swift in Sources */,
				5AC1D9B42C0E0BBC00F0B19D /* ProductListView_Test.swift in Sources */,
				5AA5D8F82C09EBEA00C97659 /* DeafultProductListRepository_Test.swift in Sources */,
				5A732D7F2C09C71500E56750 /* ProductListRepositoryMock.swift in Sources */,
				5AA5D8FE2C09F54F00C97659 /* DataTransferServicesMock.swift in Sources */,
				5AA5D9042C0A0B1B00C97659 /* ProductListViewModelTest_Test.swift in Sources */,
				5A732D882C09CBBD00E56750 /* ProductListStubs.swift in Sources */,
			);
			runOnlyForDeploymentPostprocessing = 0;
		};
		5A2078332C070DA900CEE67B /* Sources */ = {
			isa = PBXSourcesBuildPhase;
			buildActionMask = 2147483647;
			files = (
				5A20783E2C070DA900CEE67B /* Cart_MartUITestsLaunchTests.swift in Sources */,
				5A20783C2C070DA900CEE67B /* Cart_MartUITests.swift in Sources */,
			);
			runOnlyForDeploymentPostprocessing = 0;
		};
/* End PBXSourcesBuildPhase section */

/* Begin PBXTargetDependency section */
		5A20782F2C070DA900CEE67B /* PBXTargetDependency */ = {
			isa = PBXTargetDependency;
			target = 5A20781C2C070DA700CEE67B /* Cart&Mart */;
			targetProxy = 5A20782E2C070DA900CEE67B /* PBXContainerItemProxy */;
		};
		5A2078392C070DA900CEE67B /* PBXTargetDependency */ = {
			isa = PBXTargetDependency;
			target = 5A20781C2C070DA700CEE67B /* Cart&Mart */;
			targetProxy = 5A2078382C070DA900CEE67B /* PBXContainerItemProxy */;
		};
/* End PBXTargetDependency section */

/* Begin XCBuildConfiguration section */
		5A20783F2C070DA900CEE67B /* Debug */ = {
			isa = XCBuildConfiguration;
			buildSettings = {
				ALWAYS_SEARCH_USER_PATHS = NO;
				ASSETCATALOG_COMPILER_GENERATE_SWIFT_ASSET_SYMBOL_EXTENSIONS = YES;
				CLANG_ANALYZER_NONNULL = YES;
				CLANG_ANALYZER_NUMBER_OBJECT_CONVERSION = YES_AGGRESSIVE;
				CLANG_CXX_LANGUAGE_STANDARD = "gnu++20";
				CLANG_ENABLE_MODULES = YES;
				CLANG_ENABLE_OBJC_ARC = YES;
				CLANG_ENABLE_OBJC_WEAK = YES;
				CLANG_WARN_BLOCK_CAPTURE_AUTORELEASING = YES;
				CLANG_WARN_BOOL_CONVERSION = YES;
				CLANG_WARN_COMMA = YES;
				CLANG_WARN_CONSTANT_CONVERSION = YES;
				CLANG_WARN_DEPRECATED_OBJC_IMPLEMENTATIONS = YES;
				CLANG_WARN_DIRECT_OBJC_ISA_USAGE = YES_ERROR;
				CLANG_WARN_DOCUMENTATION_COMMENTS = YES;
				CLANG_WARN_EMPTY_BODY = YES;
				CLANG_WARN_ENUM_CONVERSION = YES;
				CLANG_WARN_INFINITE_RECURSION = YES;
				CLANG_WARN_INT_CONVERSION = YES;
				CLANG_WARN_NON_LITERAL_NULL_CONVERSION = YES;
				CLANG_WARN_OBJC_IMPLICIT_RETAIN_SELF = YES;
				CLANG_WARN_OBJC_LITERAL_CONVERSION = YES;
				CLANG_WARN_OBJC_ROOT_CLASS = YES_ERROR;
				CLANG_WARN_QUOTED_INCLUDE_IN_FRAMEWORK_HEADER = YES;
				CLANG_WARN_RANGE_LOOP_ANALYSIS = YES;
				CLANG_WARN_STRICT_PROTOTYPES = YES;
				CLANG_WARN_SUSPICIOUS_MOVE = YES;
				CLANG_WARN_UNGUARDED_AVAILABILITY = YES_AGGRESSIVE;
				CLANG_WARN_UNREACHABLE_CODE = YES;
				CLANG_WARN__DUPLICATE_METHOD_MATCH = YES;
				COPY_PHASE_STRIP = NO;
				DEBUG_INFORMATION_FORMAT = dwarf;
				ENABLE_STRICT_OBJC_MSGSEND = YES;
				ENABLE_TESTABILITY = YES;
				ENABLE_USER_SCRIPT_SANDBOXING = YES;
				GCC_C_LANGUAGE_STANDARD = gnu17;
				GCC_DYNAMIC_NO_PIC = NO;
				GCC_NO_COMMON_BLOCKS = YES;
				GCC_OPTIMIZATION_LEVEL = 0;
				GCC_PREPROCESSOR_DEFINITIONS = (
					"DEBUG=1",
					"$(inherited)",
				);
				GCC_WARN_64_TO_32_BIT_CONVERSION = YES;
				GCC_WARN_ABOUT_RETURN_TYPE = YES_ERROR;
				GCC_WARN_UNDECLARED_SELECTOR = YES;
				GCC_WARN_UNINITIALIZED_AUTOS = YES_AGGRESSIVE;
				GCC_WARN_UNUSED_FUNCTION = YES;
				GCC_WARN_UNUSED_VARIABLE = YES;
				IPHONEOS_DEPLOYMENT_TARGET = 17.4;
				LOCALIZATION_PREFERS_STRING_CATALOGS = YES;
				MTL_ENABLE_DEBUG_INFO = INCLUDE_SOURCE;
				MTL_FAST_MATH = YES;
				ONLY_ACTIVE_ARCH = YES;
				SDKROOT = iphoneos;
				SWIFT_ACTIVE_COMPILATION_CONDITIONS = "DEBUG $(inherited)";
				SWIFT_OPTIMIZATION_LEVEL = "-Onone";
			};
			name = Debug;
		};
		5A2078402C070DA900CEE67B /* Release */ = {
			isa = XCBuildConfiguration;
			buildSettings = {
				ALWAYS_SEARCH_USER_PATHS = NO;
				ASSETCATALOG_COMPILER_GENERATE_SWIFT_ASSET_SYMBOL_EXTENSIONS = YES;
				CLANG_ANALYZER_NONNULL = YES;
				CLANG_ANALYZER_NUMBER_OBJECT_CONVERSION = YES_AGGRESSIVE;
				CLANG_CXX_LANGUAGE_STANDARD = "gnu++20";
				CLANG_ENABLE_MODULES = YES;
				CLANG_ENABLE_OBJC_ARC = YES;
				CLANG_ENABLE_OBJC_WEAK = YES;
				CLANG_WARN_BLOCK_CAPTURE_AUTORELEASING = YES;
				CLANG_WARN_BOOL_CONVERSION = YES;
				CLANG_WARN_COMMA = YES;
				CLANG_WARN_CONSTANT_CONVERSION = YES;
				CLANG_WARN_DEPRECATED_OBJC_IMPLEMENTATIONS = YES;
				CLANG_WARN_DIRECT_OBJC_ISA_USAGE = YES_ERROR;
				CLANG_WARN_DOCUMENTATION_COMMENTS = YES;
				CLANG_WARN_EMPTY_BODY = YES;
				CLANG_WARN_ENUM_CONVERSION = YES;
				CLANG_WARN_INFINITE_RECURSION = YES;
				CLANG_WARN_INT_CONVERSION = YES;
				CLANG_WARN_NON_LITERAL_NULL_CONVERSION = YES;
				CLANG_WARN_OBJC_IMPLICIT_RETAIN_SELF = YES;
				CLANG_WARN_OBJC_LITERAL_CONVERSION = YES;
				CLANG_WARN_OBJC_ROOT_CLASS = YES_ERROR;
				CLANG_WARN_QUOTED_INCLUDE_IN_FRAMEWORK_HEADER = YES;
				CLANG_WARN_RANGE_LOOP_ANALYSIS = YES;
				CLANG_WARN_STRICT_PROTOTYPES = YES;
				CLANG_WARN_SUSPICIOUS_MOVE = YES;
				CLANG_WARN_UNGUARDED_AVAILABILITY = YES_AGGRESSIVE;
				CLANG_WARN_UNREACHABLE_CODE = YES;
				CLANG_WARN__DUPLICATE_METHOD_MATCH = YES;
				COPY_PHASE_STRIP = NO;
				DEBUG_INFORMATION_FORMAT = "dwarf-with-dsym";
				ENABLE_NS_ASSERTIONS = NO;
				ENABLE_STRICT_OBJC_MSGSEND = YES;
				ENABLE_USER_SCRIPT_SANDBOXING = YES;
				GCC_C_LANGUAGE_STANDARD = gnu17;
				GCC_NO_COMMON_BLOCKS = YES;
				GCC_WARN_64_TO_32_BIT_CONVERSION = YES;
				GCC_WARN_ABOUT_RETURN_TYPE = YES_ERROR;
				GCC_WARN_UNDECLARED_SELECTOR = YES;
				GCC_WARN_UNINITIALIZED_AUTOS = YES_AGGRESSIVE;
				GCC_WARN_UNUSED_FUNCTION = YES;
				GCC_WARN_UNUSED_VARIABLE = YES;
				IPHONEOS_DEPLOYMENT_TARGET = 17.4;
				LOCALIZATION_PREFERS_STRING_CATALOGS = YES;
				MTL_ENABLE_DEBUG_INFO = NO;
				MTL_FAST_MATH = YES;
				SDKROOT = iphoneos;
				SWIFT_COMPILATION_MODE = wholemodule;
				VALIDATE_PRODUCT = YES;
			};
			name = Release;
		};
		5A2078422C070DA900CEE67B /* Debug */ = {
			isa = XCBuildConfiguration;
			buildSettings = {
				ASSETCATALOG_COMPILER_APPICON_NAME = AppIcon;
				ASSETCATALOG_COMPILER_GLOBAL_ACCENT_COLOR_NAME = AccentColor;
				BASE_URL = "https://dummyjson.com/";
				CODE_SIGN_STYLE = Automatic;
				CURRENT_PROJECT_VERSION = 1;
				DEVELOPMENT_ASSET_PATHS = "\"Cart&Mart/Preview Content\"";
				DEVELOPMENT_TEAM = 58PZYN66TP;
				ENABLE_PREVIEWS = YES;
				GENERATE_INFOPLIST_FILE = YES;
				INFOPLIST_FILE = "Cart&Mart/Resources/Cart-Mart-Info.plist";
				INFOPLIST_KEY_UIApplicationSceneManifest_Generation = YES;
				INFOPLIST_KEY_UIApplicationSupportsIndirectInputEvents = YES;
				INFOPLIST_KEY_UISupportedInterfaceOrientations = UIInterfaceOrientationPortrait;
				IPHONEOS_DEPLOYMENT_TARGET = 17.0;
				LD_RUNPATH_SEARCH_PATHS = (
					"$(inherited)",
					"@executable_path/Frameworks",
				);
				MARKETING_VERSION = 1.0;
				PRODUCT_BUNDLE_IDENTIFIER = "com.dmb.Cart-Mart";
				PRODUCT_NAME = "$(TARGET_NAME)";
				SWIFT_EMIT_LOC_STRINGS = YES;
				SWIFT_VERSION = 5.0;
				TARGETED_DEVICE_FAMILY = "1,2";
			};
			name = Debug;
		};
		5A2078432C070DA900CEE67B /* Release */ = {
			isa = XCBuildConfiguration;
			buildSettings = {
				ASSETCATALOG_COMPILER_APPICON_NAME = AppIcon;
				ASSETCATALOG_COMPILER_GLOBAL_ACCENT_COLOR_NAME = AccentColor;
				BASE_URL = "https://dummyjson.com/";
				CODE_SIGN_STYLE = Automatic;
				CURRENT_PROJECT_VERSION = 1;
				DEVELOPMENT_ASSET_PATHS = "\"Cart&Mart/Preview Content\"";
				DEVELOPMENT_TEAM = 58PZYN66TP;
				ENABLE_PREVIEWS = YES;
				GENERATE_INFOPLIST_FILE = YES;
				INFOPLIST_FILE = "Cart&Mart/Resources/Cart-Mart-Info.plist";
				INFOPLIST_KEY_UIApplicationSceneManifest_Generation = YES;
				INFOPLIST_KEY_UIApplicationSupportsIndirectInputEvents = YES;
				INFOPLIST_KEY_UISupportedInterfaceOrientations = UIInterfaceOrientationPortrait;
				IPHONEOS_DEPLOYMENT_TARGET = 17.0;
				LD_RUNPATH_SEARCH_PATHS = (
					"$(inherited)",
					"@executable_path/Frameworks",
				);
				MARKETING_VERSION = 1.0;
				PRODUCT_BUNDLE_IDENTIFIER = "com.dmb.Cart-Mart";
				PRODUCT_NAME = "$(TARGET_NAME)";
				SWIFT_EMIT_LOC_STRINGS = YES;
				SWIFT_VERSION = 5.0;
				TARGETED_DEVICE_FAMILY = "1,2";
			};
			name = Release;
		};
		5A2078452C070DA900CEE67B /* Debug */ = {
			isa = XCBuildConfiguration;
			buildSettings = {
				ALWAYS_EMBED_SWIFT_STANDARD_LIBRARIES = YES;
				BUNDLE_LOADER = "$(TEST_HOST)";
				CODE_SIGN_STYLE = Automatic;
				CURRENT_PROJECT_VERSION = 1;
				DEVELOPMENT_TEAM = 58PZYN66TP;
				GENERATE_INFOPLIST_FILE = YES;
				IPHONEOS_DEPLOYMENT_TARGET = 17.4;
				MARKETING_VERSION = 1.0;
				PRODUCT_BUNDLE_IDENTIFIER = "com.dmb.Cart-MartTests";
				PRODUCT_NAME = "$(TARGET_NAME)";
				SWIFT_EMIT_LOC_STRINGS = NO;
				SWIFT_VERSION = 5.0;
				TARGETED_DEVICE_FAMILY = "1,2";
				TEST_HOST = "$(BUILT_PRODUCTS_DIR)/Cart&Mart.app/$(BUNDLE_EXECUTABLE_FOLDER_PATH)/Cart&Mart";
			};
			name = Debug;
		};
		5A2078462C070DA900CEE67B /* Release */ = {
			isa = XCBuildConfiguration;
			buildSettings = {
				ALWAYS_EMBED_SWIFT_STANDARD_LIBRARIES = YES;
				BUNDLE_LOADER = "$(TEST_HOST)";
				CODE_SIGN_STYLE = Automatic;
				CURRENT_PROJECT_VERSION = 1;
				DEVELOPMENT_TEAM = 58PZYN66TP;
				GENERATE_INFOPLIST_FILE = YES;
				IPHONEOS_DEPLOYMENT_TARGET = 17.4;
				MARKETING_VERSION = 1.0;
				PRODUCT_BUNDLE_IDENTIFIER = "com.dmb.Cart-MartTests";
				PRODUCT_NAME = "$(TARGET_NAME)";
				SWIFT_EMIT_LOC_STRINGS = NO;
				SWIFT_VERSION = 5.0;
				TARGETED_DEVICE_FAMILY = "1,2";
				TEST_HOST = "$(BUILT_PRODUCTS_DIR)/Cart&Mart.app/$(BUNDLE_EXECUTABLE_FOLDER_PATH)/Cart&Mart";
			};
			name = Release;
		};
		5A2078482C070DA900CEE67B /* Debug */ = {
			isa = XCBuildConfiguration;
			buildSettings = {
				ALWAYS_EMBED_SWIFT_STANDARD_LIBRARIES = YES;
				CODE_SIGN_STYLE = Automatic;
				CURRENT_PROJECT_VERSION = 1;
				DEVELOPMENT_TEAM = 58PZYN66TP;
				GENERATE_INFOPLIST_FILE = YES;
				MARKETING_VERSION = 1.0;
				PRODUCT_BUNDLE_IDENTIFIER = "com.dmb.Cart-MartUITests";
				PRODUCT_NAME = "$(TARGET_NAME)";
				SWIFT_EMIT_LOC_STRINGS = NO;
				SWIFT_VERSION = 5.0;
				TARGETED_DEVICE_FAMILY = "1,2";
				TEST_TARGET_NAME = "Cart&Mart";
			};
			name = Debug;
		};
		5A2078492C070DA900CEE67B /* Release */ = {
			isa = XCBuildConfiguration;
			buildSettings = {
				ALWAYS_EMBED_SWIFT_STANDARD_LIBRARIES = YES;
				CODE_SIGN_STYLE = Automatic;
				CURRENT_PROJECT_VERSION = 1;
				DEVELOPMENT_TEAM = 58PZYN66TP;
				GENERATE_INFOPLIST_FILE = YES;
				MARKETING_VERSION = 1.0;
				PRODUCT_BUNDLE_IDENTIFIER = "com.dmb.Cart-MartUITests";
				PRODUCT_NAME = "$(TARGET_NAME)";
				SWIFT_EMIT_LOC_STRINGS = NO;
				SWIFT_VERSION = 5.0;
				TARGETED_DEVICE_FAMILY = "1,2";
				TEST_TARGET_NAME = "Cart&Mart";
			};
			name = Release;
		};
/* End XCBuildConfiguration section */

/* Begin XCConfigurationList section */
		5A2078182C070DA700CEE67B /* Build configuration list for PBXProject "Cart&Mart" */ = {
			isa = XCConfigurationList;
			buildConfigurations = (
				5A20783F2C070DA900CEE67B /* Debug */,
				5A2078402C070DA900CEE67B /* Release */,
			);
			defaultConfigurationIsVisible = 0;
			defaultConfigurationName = Release;
		};
		5A2078412C070DA900CEE67B /* Build configuration list for PBXNativeTarget "Cart&Mart" */ = {
			isa = XCConfigurationList;
			buildConfigurations = (
				5A2078422C070DA900CEE67B /* Debug */,
				5A2078432C070DA900CEE67B /* Release */,
			);
			defaultConfigurationIsVisible = 0;
			defaultConfigurationName = Release;
		};
		5A2078442C070DA900CEE67B /* Build configuration list for PBXNativeTarget "Cart&MartTests" */ = {
			isa = XCConfigurationList;
			buildConfigurations = (
				5A2078452C070DA900CEE67B /* Debug */,
				5A2078462C070DA900CEE67B /* Release */,
			);
			defaultConfigurationIsVisible = 0;
			defaultConfigurationName = Release;
		};
		5A2078472C070DA900CEE67B /* Build configuration list for PBXNativeTarget "Cart&MartUITests" */ = {
			isa = XCConfigurationList;
			buildConfigurations = (
				5A2078482C070DA900CEE67B /* Debug */,
				5A2078492C070DA900CEE67B /* Release */,
			);
			defaultConfigurationIsVisible = 0;
			defaultConfigurationName = Release;
		};
/* End XCConfigurationList section */

/* Begin XCRemoteSwiftPackageReference section */
		5A7C2C762C0F403100D4084D /* XCRemoteSwiftPackageReference "swift-snapshot-testing" */ = {
			isa = XCRemoteSwiftPackageReference;
			repositoryURL = "https://github.com/pointfreeco/swift-snapshot-testing";
			requirement = {
				kind = upToNextMajorVersion;
				minimumVersion = 1.16.0;
			};
		};
/* End XCRemoteSwiftPackageReference section */

/* Begin XCSwiftPackageProductDependency section */
		5A7C2C772C0F403100D4084D /* InlineSnapshotTesting */ = {
			isa = XCSwiftPackageProductDependency;
			package = 5A7C2C762C0F403100D4084D /* XCRemoteSwiftPackageReference "swift-snapshot-testing" */;
			productName = InlineSnapshotTesting;
		};
		5A7C2C792C0F403100D4084D /* SnapshotTesting */ = {
			isa = XCSwiftPackageProductDependency;
			package = 5A7C2C762C0F403100D4084D /* XCRemoteSwiftPackageReference "swift-snapshot-testing" */;
			productName = SnapshotTesting;
		};
/* End XCSwiftPackageProductDependency section */
	};
	rootObject = 5A2078152C070DA700CEE67B /* Project object */;
}
