// !$*UTF8*$!
{
	archiveVersion = 1;
	classes = {
	};
	objectVersion = 56;
	objects = {

/* Begin PBXBuildFile section */
		5A2078212C070DA700CEE67B /* Cart_MartApp.swift in Sources */ = {isa = PBXBuildFile; fileRef = 5A2078202C070DA700CEE67B /* Cart_MartApp.swift */; };
		5A2078232C070DA700CEE67B /* ContentView.swift in Sources */ = {isa = PBXBuildFile; fileRef = 5A2078222C070DA700CEE67B /* ContentView.swift */; };
		5A2078252C070DA900CEE67B /* Assets.xcassets in Resources */ = {isa = PBXBuildFile; fileRef = 5A2078242C070DA900CEE67B /* Assets.xcassets */; };
		5A2078282C070DA900CEE67B /* Preview Assets.xcassets in Resources */ = {isa = PBXBuildFile; fileRef = 5A2078272C070DA900CEE67B /* Preview Assets.xcassets */; };
		5A2078322C070DA900CEE67B /* Cart_MartTests.swift in Sources */ = {isa = PBXBuildFile; fileRef = 5A2078312C070DA900CEE67B /* Cart_MartTests.swift */; };
		5A20783C2C070DA900CEE67B /* Cart_MartUITests.swift in Sources */ = {isa = PBXBuildFile; fileRef = 5A20783B2C070DA900CEE67B /* Cart_MartUITests.swift */; };
		5A20783E2C070DA900CEE67B /* Cart_MartUITestsLaunchTests.swift in Sources */ = {isa = PBXBuildFile; fileRef = 5A20783D2C070DA900CEE67B /* Cart_MartUITestsLaunchTests.swift */; };
		5AE8388B2C071A5300D3E2C1 /* NetworkConfiguration.swift in Sources */ = {isa = PBXBuildFile; fileRef = 5AE8388A2C071A5300D3E2C1 /* NetworkConfiguration.swift */; };
		5AE8388D2C071AEB00D3E2C1 /* APIRequest.swift in Sources */ = {isa = PBXBuildFile; fileRef = 5AE8388C2C071AEB00D3E2C1 /* APIRequest.swift */; };
		5AE8388F2C071AFD00D3E2C1 /* APIEndPoint.swift in Sources */ = {isa = PBXBuildFile; fileRef = 5AE8388E2C071AFD00D3E2C1 /* APIEndPoint.swift */; };
		5AE838912C071B7100D3E2C1 /* ResponseDecoder.swift in Sources */ = {isa = PBXBuildFile; fileRef = 5AE838902C071B7100D3E2C1 /* ResponseDecoder.swift */; };
		5AE838932C071DEB00D3E2C1 /* SessionManager.swift in Sources */ = {isa = PBXBuildFile; fileRef = 5AE838922C071DEB00D3E2C1 /* SessionManager.swift */; };
		5AE838952C071F0E00D3E2C1 /* NetworkError.swift in Sources */ = {isa = PBXBuildFile; fileRef = 5AE838942C071F0E00D3E2C1 /* NetworkError.swift */; };
		5AE838972C07219600D3E2C1 /* NetworkServices.swift in Sources */ = {isa = PBXBuildFile; fileRef = 5AE838962C07219600D3E2C1 /* NetworkServices.swift */; };
		5AE8389A2C07228900D3E2C1 /* Cancallable.swift in Sources */ = {isa = PBXBuildFile; fileRef = 5AE838992C07228900D3E2C1 /* Cancallable.swift */; };
		5AE8389E2C072E0900D3E2C1 /* DataTransferService.swift in Sources */ = {isa = PBXBuildFile; fileRef = 5AE8389D2C072E0900D3E2C1 /* DataTransferService.swift */; };
		5AE838A02C0733A200D3E2C1 /* Configuration.swift in Sources */ = {isa = PBXBuildFile; fileRef = 5AE8389F2C0733A200D3E2C1 /* Configuration.swift */; };
		5AE838A52C07383700D3E2C1 /* ProductEndpoints.swift in Sources */ = {isa = PBXBuildFile; fileRef = 5AE838A42C07383700D3E2C1 /* ProductEndpoints.swift */; };
		5AE838A72C0738E800D3E2C1 /* ProductListItemResponse.swift in Sources */ = {isa = PBXBuildFile; fileRef = 5AE838A62C0738E800D3E2C1 /* ProductListItemResponse.swift */; };
		5AE838A92C0738F500D3E2C1 /* ProductDetailResponse.swift in Sources */ = {isa = PBXBuildFile; fileRef = 5AE838A82C0738F500D3E2C1 /* ProductDetailResponse.swift */; };
/* End PBXBuildFile section */

/* Begin PBXContainerItemProxy section */
		5A20782E2C070DA900CEE67B /* PBXContainerItemProxy */ = {
			isa = PBXContainerItemProxy;
			containerPortal = 5A2078152C070DA700CEE67B /* Project object */;
			proxyType = 1;
			remoteGlobalIDString = 5A20781C2C070DA700CEE67B;
			remoteInfo = "Cart&Mart";
		};
		5A2078382C070DA900CEE67B /* PBXContainerItemProxy */ = {
			isa = PBXContainerItemProxy;
			containerPortal = 5A2078152C070DA700CEE67B /* Project object */;
			proxyType = 1;
			remoteGlobalIDString = 5A20781C2C070DA700CEE67B;
			remoteInfo = "Cart&Mart";
		};
/* End PBXContainerItemProxy section */

/* Begin PBXFileReference section */
		5A20781D2C070DA700CEE67B /* Cart&Mart.app */ = {isa = PBXFileReference; explicitFileType = wrapper.application; includeInIndex = 0; path = "Cart&Mart.app"; sourceTree = BUILT_PRODUCTS_DIR; };
		5A2078202C070DA700CEE67B /* Cart_MartApp.swift */ = {isa = PBXFileReference; lastKnownFileType = sourcecode.swift; path = Cart_MartApp.swift; sourceTree = "<group>"; };
		5A2078222C070DA700CEE67B /* ContentView.swift */ = {isa = PBXFileReference; lastKnownFileType = sourcecode.swift; path = ContentView.swift; sourceTree = "<group>"; };
		5A2078242C070DA900CEE67B /* Assets.xcassets */ = {isa = PBXFileReference; lastKnownFileType = folder.assetcatalog; path = Assets.xcassets; sourceTree = "<group>"; };
		5A2078272C070DA900CEE67B /* Preview Assets.xcassets */ = {isa = PBXFileReference; lastKnownFileType = folder.assetcatalog; path = "Preview Assets.xcassets"; sourceTree = "<group>"; };
		5A20782D2C070DA900CEE67B /* Cart&MartTests.xctest */ = {isa = PBXFileReference; explicitFileType = wrapper.cfbundle; includeInIndex = 0; path = "Cart&MartTests.xctest"; sourceTree = BUILT_PRODUCTS_DIR; };
		5A2078312C070DA900CEE67B /* Cart_MartTests.swift */ = {isa = PBXFileReference; lastKnownFileType = sourcecode.swift; path = Cart_MartTests.swift; sourceTree = "<group>"; };
		5A2078372C070DA900CEE67B /* Cart&MartUITests.xctest */ = {isa = PBXFileReference; explicitFileType = wrapper.cfbundle; includeInIndex = 0; path = "Cart&MartUITests.xctest"; sourceTree = BUILT_PRODUCTS_DIR; };
		5A20783B2C070DA900CEE67B /* Cart_MartUITests.swift */ = {isa = PBXFileReference; lastKnownFileType = sourcecode.swift; path = Cart_MartUITests.swift; sourceTree = "<group>"; };
		5A20783D2C070DA900CEE67B /* Cart_MartUITestsLaunchTests.swift */ = {isa = PBXFileReference; lastKnownFileType = sourcecode.swift; path = Cart_MartUITestsLaunchTests.swift; sourceTree = "<group>"; };
		5AE838892C07152100D3E2C1 /* Cart-Mart-Info.plist */ = {isa = PBXFileReference; lastKnownFileType = text.plist.xml; name = "Cart-Mart-Info.plist"; path = "Cart&Mart/Resources/Cart-Mart-Info.plist"; sourceTree = SOURCE_ROOT; };
		5AE8388A2C071A5300D3E2C1 /* NetworkConfiguration.swift */ = {isa = PBXFileReference; lastKnownFileType = sourcecode.swift; path = NetworkConfiguration.swift; sourceTree = "<group>"; };
		5AE8388C2C071AEB00D3E2C1 /* APIRequest.swift */ = {isa = PBXFileReference; lastKnownFileType = sourcecode.swift; path = APIRequest.swift; sourceTree = "<group>"; };
		5AE8388E2C071AFD00D3E2C1 /* APIEndPoint.swift */ = {isa = PBXFileReference; lastKnownFileType = sourcecode.swift; path = APIEndPoint.swift; sourceTree = "<group>"; };
		5AE838902C071B7100D3E2C1 /* ResponseDecoder.swift */ = {isa = PBXFileReference; lastKnownFileType = sourcecode.swift; path = ResponseDecoder.swift; sourceTree = "<group>"; };
		5AE838922C071DEB00D3E2C1 /* SessionManager.swift */ = {isa = PBXFileReference; lastKnownFileType = sourcecode.swift; path = SessionManager.swift; sourceTree = "<group>"; };
		5AE838942C071F0E00D3E2C1 /* NetworkError.swift */ = {isa = PBXFileReference; lastKnownFileType = sourcecode.swift; path = NetworkError.swift; sourceTree = "<group>"; };
		5AE838962C07219600D3E2C1 /* NetworkServices.swift */ = {isa = PBXFileReference; lastKnownFileType = sourcecode.swift; path = NetworkServices.swift; sourceTree = "<group>"; };
		5AE838992C07228900D3E2C1 /* Cancallable.swift */ = {isa = PBXFileReference; lastKnownFileType = sourcecode.swift; path = Cancallable.swift; sourceTree = "<group>"; };
		5AE8389D2C072E0900D3E2C1 /* DataTransferService.swift */ = {isa = PBXFileReference; lastKnownFileType = sourcecode.swift; path = DataTransferService.swift; sourceTree = "<group>"; };
		5AE8389F2C0733A200D3E2C1 /* Configuration.swift */ = {isa = PBXFileReference; lastKnownFileType = sourcecode.swift; path = Configuration.swift; sourceTree = "<group>"; };
		5AE838A42C07383700D3E2C1 /* ProductEndpoints.swift */ = {isa = PBXFileReference; lastKnownFileType = sourcecode.swift; path = ProductEndpoints.swift; sourceTree = "<group>"; };
		5AE838A62C0738E800D3E2C1 /* ProductListItemResponse.swift */ = {isa = PBXFileReference; lastKnownFileType = sourcecode.swift; path = ProductListItemResponse.swift; sourceTree = "<group>"; };
		5AE838A82C0738F500D3E2C1 /* ProductDetailResponse.swift */ = {isa = PBXFileReference; lastKnownFileType = sourcecode.swift; path = ProductDetailResponse.swift; sourceTree = "<group>"; };
/* End PBXFileReference section */

/* Begin PBXFrameworksBuildPhase section */
		5A20781A2C070DA700CEE67B /* Frameworks */ = {
			isa = PBXFrameworksBuildPhase;
			buildActionMask = 2147483647;
			files = (
			);
			runOnlyForDeploymentPostprocessing = 0;
		};
		5A20782A2C070DA900CEE67B /* Frameworks */ = {
			isa = PBXFrameworksBuildPhase;
			buildActionMask = 2147483647;
			files = (
			);
			runOnlyForDeploymentPostprocessing = 0;
		};
		5A2078342C070DA900CEE67B /* Frameworks */ = {
			isa = PBXFrameworksBuildPhase;
			buildActionMask = 2147483647;
			files = (
			);
			runOnlyForDeploymentPostprocessing = 0;
		};
/* End PBXFrameworksBuildPhase section */

/* Begin PBXGroup section */
		5A2078142C070DA700CEE67B = {
			isa = PBXGroup;
			children = (
				5A20781F2C070DA700CEE67B /* Cart&Mart */,
				5A2078302C070DA900CEE67B /* Cart&MartTests */,
				5A20783A2C070DA900CEE67B /* Cart&MartUITests */,
				5A20781E2C070DA700CEE67B /* Products */,
			);
			sourceTree = "<group>";
		};
		5A20781E2C070DA700CEE67B /* Products */ = {
			isa = PBXGroup;
			children = (
				5A20781D2C070DA700CEE67B /* Cart&Mart.app */,
				5A20782D2C070DA900CEE67B /* Cart&MartTests.xctest */,
				5A2078372C070DA900CEE67B /* Cart&MartUITests.xctest */,
			);
			name = Products;
			sourceTree = "<group>";
		};
		5A20781F2C070DA700CEE67B /* Cart&Mart */ = {
			isa = PBXGroup;
			children = (
				5A20784F2C070DE000CEE67B /* Application */,
				5A20784E2C070DDA00CEE67B /* Presentation */,
				5A20784D2C070DD500CEE67B /* Domain */,
				5A20784C2C070DD000CEE67B /* Data */,
				5AE838982C07227400D3E2C1 /* Common */,
				5A20784B2C070DBA00CEE67B /* Network */,
				5A20784A2C070DB300CEE67B /* Resources */,
				5A2078262C070DA900CEE67B /* Preview Content */,
			);
			path = "Cart&Mart";
			sourceTree = "<group>";
		};
		5A2078262C070DA900CEE67B /* Preview Content */ = {
			isa = PBXGroup;
			children = (
				5A2078272C070DA900CEE67B /* Preview Assets.xcassets */,
			);
			path = "Preview Content";
			sourceTree = "<group>";
		};
		5A2078302C070DA900CEE67B /* Cart&MartTests */ = {
			isa = PBXGroup;
			children = (
				5A2078312C070DA900CEE67B /* Cart_MartTests.swift */,
			);
			path = "Cart&MartTests";
			sourceTree = "<group>";
		};
		5A20783A2C070DA900CEE67B /* Cart&MartUITests */ = {
			isa = PBXGroup;
			children = (
				5A20783B2C070DA900CEE67B /* Cart_MartUITests.swift */,
				5A20783D2C070DA900CEE67B /* Cart_MartUITestsLaunchTests.swift */,
			);
			path = "Cart&MartUITests";
			sourceTree = "<group>";
		};
		5A20784A2C070DB300CEE67B /* Resources */ = {
			isa = PBXGroup;
			children = (
				5AE838892C07152100D3E2C1 /* Cart-Mart-Info.plist */,
				5A2078242C070DA900CEE67B /* Assets.xcassets */,
			);
			path = Resources;
			sourceTree = "<group>";
		};
		5A20784B2C070DBA00CEE67B /* Network */ = {
			isa = PBXGroup;
			children = (
				5AE8388A2C071A5300D3E2C1 /* NetworkConfiguration.swift */,
				5AE8388C2C071AEB00D3E2C1 /* APIRequest.swift */,
				5AE8388E2C071AFD00D3E2C1 /* APIEndPoint.swift */,
				5AE838902C071B7100D3E2C1 /* ResponseDecoder.swift */,
				5AE838922C071DEB00D3E2C1 /* SessionManager.swift */,
				5AE838942C071F0E00D3E2C1 /* NetworkError.swift */,
				5AE838962C07219600D3E2C1 /* NetworkServices.swift */,
				5AE8389D2C072E0900D3E2C1 /* DataTransferService.swift */,
			);
			path = Network;
			sourceTree = "<group>";
		};
		5A20784C2C070DD000CEE67B /* Data */ = {
			isa = PBXGroup;
			children = (
				5AE838A12C0737E400D3E2C1 /* Network */,
			);
			path = Data;
			sourceTree = "<group>";
		};
		5A20784D2C070DD500CEE67B /* Domain */ = {
			isa = PBXGroup;
			children = (
			);
			path = Domain;
			sourceTree = "<group>";
		};
		5A20784E2C070DDA00CEE67B /* Presentation */ = {
			isa = PBXGroup;
			children = (
			);
			path = Presentation;
			sourceTree = "<group>";
		};
		5A20784F2C070DE000CEE67B /* Application */ = {
			isa = PBXGroup;
			children = (
				5A2078202C070DA700CEE67B /* Cart_MartApp.swift */,
				5A2078222C070DA700CEE67B /* ContentView.swift */,
				5AE8389F2C0733A200D3E2C1 /* Configuration.swift */,
			);
			path = Application;
			sourceTree = "<group>";
		};
		5AE838982C07227400D3E2C1 /* Common */ = {
			isa = PBXGroup;
			children = (
				5AE838992C07228900D3E2C1 /* Cancallable.swift */,
			);
			path = Common;
			sourceTree = "<group>";
		};
		5AE838A12C0737E400D3E2C1 /* Network */ = {
			isa = PBXGroup;
			children = (
				5AE838A32C0737FE00D3E2C1 /* DataTransferObject */,
				5AE838A22C0737F700D3E2C1 /* Router */,
			);
			path = Network;
			sourceTree = "<group>";
		};
		5AE838A22C0737F700D3E2C1 /* Router */ = {
			isa = PBXGroup;
			children = (
				5AE838A42C07383700D3E2C1 /* ProductEndpoints.swift */,
			);
			path = Router;
			sourceTree = "<group>";
		};
		5AE838A32C0737FE00D3E2C1 /* DataTransferObject */ = {
			isa = PBXGroup;
			children = (
				5AE838A62C0738E800D3E2C1 /* ProductListItemResponse.swift */,
				5AE838A82C0738F500D3E2C1 /* ProductDetailResponse.swift */,
			);
			path = DataTransferObject;
			sourceTree = "<group>";
		};
/* End PBXGroup section */

/* Begin PBXNativeTarget section */
		5A20781C2C070DA700CEE67B /* Cart&Mart */ = {
			isa = PBXNativeTarget;
			buildConfigurationList = 5A2078412C070DA900CEE67B /* Build configuration list for PBXNativeTarget "Cart&Mart" */;
			buildPhases = (
				5A2078192C070DA700CEE67B /* Sources */,
				5A20781A2C070DA700CEE67B /* Frameworks */,
				5A20781B2C070DA700CEE67B /* Resources */,
			);
			buildRules = (
			);
			dependencies = (
			);
			name = "Cart&Mart";
			productName = "Cart&Mart";
			productReference = 5A20781D2C070DA700CEE67B /* Cart&Mart.app */;
			productType = "com.apple.product-type.application";
		};
		5A20782C2C070DA900CEE67B /* Cart&MartTests */ = {
			isa = PBXNativeTarget;
			buildConfigurationList = 5A2078442C070DA900CEE67B /* Build configuration list for PBXNativeTarget "Cart&MartTests" */;
			buildPhases = (
				5A2078292C070DA900CEE67B /* Sources */,
				5A20782A2C070DA900CEE67B /* Frameworks */,
				5A20782B2C070DA900CEE67B /* Resources */,
			);
			buildRules = (
			);
			dependencies = (
				5A20782F2C070DA900CEE67B /* PBXTargetDependency */,
			);
			name = "Cart&MartTests";
			productName = "Cart&MartTests";
			productReference = 5A20782D2C070DA900CEE67B /* Cart&MartTests.xctest */;
			productType = "com.apple.product-type.bundle.unit-test";
		};
		5A2078362C070DA900CEE67B /* Cart&MartUITests */ = {
			isa = PBXNativeTarget;
			buildConfigurationList = 5A2078472C070DA900CEE67B /* Build configuration list for PBXNativeTarget "Cart&MartUITests" */;
			buildPhases = (
				5A2078332C070DA900CEE67B /* Sources */,
				5A2078342C070DA900CEE67B /* Frameworks */,
				5A2078352C070DA900CEE67B /* Resources */,
			);
			buildRules = (
			);
			dependencies = (
				5A2078392C070DA900CEE67B /* PBXTargetDependency */,
			);
			name = "Cart&MartUITests";
			productName = "Cart&MartUITests";
			productReference = 5A2078372C070DA900CEE67B /* Cart&MartUITests.xctest */;
			productType = "com.apple.product-type.bundle.ui-testing";
		};
/* End PBXNativeTarget section */

/* Begin PBXProject section */
		5A2078152C070DA700CEE67B /* Project object */ = {
			isa = PBXProject;
			attributes = {
				BuildIndependentTargetsInParallel = 1;
				LastSwiftUpdateCheck = 1530;
				LastUpgradeCheck = 1530;
				TargetAttributes = {
					5A20781C2C070DA700CEE67B = {
						CreatedOnToolsVersion = 15.3;
					};
					5A20782C2C070DA900CEE67B = {
						CreatedOnToolsVersion = 15.3;
						TestTargetID = 5A20781C2C070DA700CEE67B;
					};
					5A2078362C070DA900CEE67B = {
						CreatedOnToolsVersion = 15.3;
						TestTargetID = 5A20781C2C070DA700CEE67B;
					};
				};
			};
			buildConfigurationList = 5A2078182C070DA700CEE67B /* Build configuration list for PBXProject "Cart&Mart" */;
			compatibilityVersion = "Xcode 14.0";
			developmentRegion = en;
			hasScannedForEncodings = 0;
			knownRegions = (
				en,
				Base,
			);
			mainGroup = 5A2078142C070DA700CEE67B;
			productRefGroup = 5A20781E2C070DA700CEE67B /* Products */;
			projectDirPath = "";
			projectRoot = "";
			targets = (
				5A20781C2C070DA700CEE67B /* Cart&Mart */,
				5A20782C2C070DA900CEE67B /* Cart&MartTests */,
				5A2078362C070DA900CEE67B /* Cart&MartUITests */,
			);
		};
/* End PBXProject section */

/* Begin PBXResourcesBuildPhase section */
		5A20781B2C070DA700CEE67B /* Resources */ = {
			isa = PBXResourcesBuildPhase;
			buildActionMask = 2147483647;
			files = (
				5A2078282C070DA900CEE67B /* Preview Assets.xcassets in Resources */,
				5A2078252C070DA900CEE67B /* Assets.xcassets in Resources */,
			);
			runOnlyForDeploymentPostprocessing = 0;
		};
		5A20782B2C070DA900CEE67B /* Resources */ = {
			isa = PBXResourcesBuildPhase;
			buildActionMask = 2147483647;
			files = (
			);
			runOnlyForDeploymentPostprocessing = 0;
		};
		5A2078352C070DA900CEE67B /* Resources */ = {
			isa = PBXResourcesBuildPhase;
			buildActionMask = 2147483647;
			files = (
			);
			runOnlyForDeploymentPostprocessing = 0;
		};
/* End PBXResourcesBuildPhase section */

/* Begin PBXSourcesBuildPhase section */
		5A2078192C070DA700CEE67B /* Sources */ = {
			isa = PBXSourcesBuildPhase;
			buildActionMask = 2147483647;
			files = (
				5A2078232C070DA700CEE67B /* ContentView.swift in Sources */,
				5AE838952C071F0E00D3E2C1 /* NetworkError.swift in Sources */,
				5AE8389A2C07228900D3E2C1 /* Cancallable.swift in Sources */,
				5AE838912C071B7100D3E2C1 /* ResponseDecoder.swift in Sources */,
				5AE838972C07219600D3E2C1 /* NetworkServices.swift in Sources */,
				5AE8388F2C071AFD00D3E2C1 /* APIEndPoint.swift in Sources */,
				5AE838A02C0733A200D3E2C1 /* Configuration.swift in Sources */,
				5AE838A72C0738E800D3E2C1 /* ProductListItemResponse.swift in Sources */,
				5A2078212C070DA700CEE67B /* Cart_MartApp.swift in Sources */,
				5AE838A92C0738F500D3E2C1 /* ProductDetailResponse.swift in Sources */,
				5AE838A52C07383700D3E2C1 /* ProductEndpoints.swift in Sources */,
				5AE8389E2C072E0900D3E2C1 /* DataTransferService.swift in Sources */,
				5AE8388D2C071AEB00D3E2C1 /* APIRequest.swift in Sources */,
				5AE8388B2C071A5300D3E2C1 /* NetworkConfiguration.swift in Sources */,
				5AE838932C071DEB00D3E2C1 /* SessionManager.swift in Sources */,
			);
			runOnlyForDeploymentPostprocessing = 0;
		};
		5A2078292C070DA900CEE67B /* Sources */ = {
			isa = PBXSourcesBuildPhase;
			buildActionMask = 2147483647;
			files = (
				5A2078322C070DA900CEE67B /* Cart_MartTests.swift in Sources */,
			);
			runOnlyForDeploymentPostprocessing = 0;
		};
		5A2078332C070DA900CEE67B /* Sources */ = {
			isa = PBXSourcesBuildPhase;
			buildActionMask = 2147483647;
			files = (
				5A20783E2C070DA900CEE67B /* Cart_MartUITestsLaunchTests.swift in Sources */,
				5A20783C2C070DA900CEE67B /* Cart_MartUITests.swift in Sources */,
			);
			runOnlyForDeploymentPostprocessing = 0;
		};
/* End PBXSourcesBuildPhase section */

/* Begin PBXTargetDependency section */
		5A20782F2C070DA900CEE67B /* PBXTargetDependency */ = {
			isa = PBXTargetDependency;
			target = 5A20781C2C070DA700CEE67B /* Cart&Mart */;
			targetProxy = 5A20782E2C070DA900CEE67B /* PBXContainerItemProxy */;
		};
		5A2078392C070DA900CEE67B /* PBXTargetDependency */ = {
			isa = PBXTargetDependency;
			target = 5A20781C2C070DA700CEE67B /* Cart&Mart */;
			targetProxy = 5A2078382C070DA900CEE67B /* PBXContainerItemProxy */;
		};
/* End PBXTargetDependency section */

/* Begin XCBuildConfiguration section */
		5A20783F2C070DA900CEE67B /* Debug */ = {
			isa = XCBuildConfiguration;
			buildSettings = {
				ALWAYS_SEARCH_USER_PATHS = NO;
				ASSETCATALOG_COMPILER_GENERATE_SWIFT_ASSET_SYMBOL_EXTENSIONS = YES;
				CLANG_ANALYZER_NONNULL = YES;
				CLANG_ANALYZER_NUMBER_OBJECT_CONVERSION = YES_AGGRESSIVE;
				CLANG_CXX_LANGUAGE_STANDARD = "gnu++20";
				CLANG_ENABLE_MODULES = YES;
				CLANG_ENABLE_OBJC_ARC = YES;
				CLANG_ENABLE_OBJC_WEAK = YES;
				CLANG_WARN_BLOCK_CAPTURE_AUTORELEASING = YES;
				CLANG_WARN_BOOL_CONVERSION = YES;
				CLANG_WARN_COMMA = YES;
				CLANG_WARN_CONSTANT_CONVERSION = YES;
				CLANG_WARN_DEPRECATED_OBJC_IMPLEMENTATIONS = YES;
				CLANG_WARN_DIRECT_OBJC_ISA_USAGE = YES_ERROR;
				CLANG_WARN_DOCUMENTATION_COMMENTS = YES;
				CLANG_WARN_EMPTY_BODY = YES;
				CLANG_WARN_ENUM_CONVERSION = YES;
				CLANG_WARN_INFINITE_RECURSION = YES;
				CLANG_WARN_INT_CONVERSION = YES;
				CLANG_WARN_NON_LITERAL_NULL_CONVERSION = YES;
				CLANG_WARN_OBJC_IMPLICIT_RETAIN_SELF = YES;
				CLANG_WARN_OBJC_LITERAL_CONVERSION = YES;
				CLANG_WARN_OBJC_ROOT_CLASS = YES_ERROR;
				CLANG_WARN_QUOTED_INCLUDE_IN_FRAMEWORK_HEADER = YES;
				CLANG_WARN_RANGE_LOOP_ANALYSIS = YES;
				CLANG_WARN_STRICT_PROTOTYPES = YES;
				CLANG_WARN_SUSPICIOUS_MOVE = YES;
				CLANG_WARN_UNGUARDED_AVAILABILITY = YES_AGGRESSIVE;
				CLANG_WARN_UNREACHABLE_CODE = YES;
				CLANG_WARN__DUPLICATE_METHOD_MATCH = YES;
				COPY_PHASE_STRIP = NO;
				DEBUG_INFORMATION_FORMAT = dwarf;
				ENABLE_STRICT_OBJC_MSGSEND = YES;
				ENABLE_TESTABILITY = YES;
				ENABLE_USER_SCRIPT_SANDBOXING = YES;
				GCC_C_LANGUAGE_STANDARD = gnu17;
				GCC_DYNAMIC_NO_PIC = NO;
				GCC_NO_COMMON_BLOCKS = YES;
				GCC_OPTIMIZATION_LEVEL = 0;
				GCC_PREPROCESSOR_DEFINITIONS = (
					"DEBUG=1",
					"$(inherited)",
				);
				GCC_WARN_64_TO_32_BIT_CONVERSION = YES;
				GCC_WARN_ABOUT_RETURN_TYPE = YES_ERROR;
				GCC_WARN_UNDECLARED_SELECTOR = YES;
				GCC_WARN_UNINITIALIZED_AUTOS = YES_AGGRESSIVE;
				GCC_WARN_UNUSED_FUNCTION = YES;
				GCC_WARN_UNUSED_VARIABLE = YES;
				IPHONEOS_DEPLOYMENT_TARGET = 17.4;
				LOCALIZATION_PREFERS_STRING_CATALOGS = YES;
				MTL_ENABLE_DEBUG_INFO = INCLUDE_SOURCE;
				MTL_FAST_MATH = YES;
				ONLY_ACTIVE_ARCH = YES;
				SDKROOT = iphoneos;
				SWIFT_ACTIVE_COMPILATION_CONDITIONS = "DEBUG $(inherited)";
				SWIFT_OPTIMIZATION_LEVEL = "-Onone";
			};
			name = Debug;
		};
		5A2078402C070DA900CEE67B /* Release */ = {
			isa = XCBuildConfiguration;
			buildSettings = {
				ALWAYS_SEARCH_USER_PATHS = NO;
				ASSETCATALOG_COMPILER_GENERATE_SWIFT_ASSET_SYMBOL_EXTENSIONS = YES;
				CLANG_ANALYZER_NONNULL = YES;
				CLANG_ANALYZER_NUMBER_OBJECT_CONVERSION = YES_AGGRESSIVE;
				CLANG_CXX_LANGUAGE_STANDARD = "gnu++20";
				CLANG_ENABLE_MODULES = YES;
				CLANG_ENABLE_OBJC_ARC = YES;
				CLANG_ENABLE_OBJC_WEAK = YES;
				CLANG_WARN_BLOCK_CAPTURE_AUTORELEASING = YES;
				CLANG_WARN_BOOL_CONVERSION = YES;
				CLANG_WARN_COMMA = YES;
				CLANG_WARN_CONSTANT_CONVERSION = YES;
				CLANG_WARN_DEPRECATED_OBJC_IMPLEMENTATIONS = YES;
				CLANG_WARN_DIRECT_OBJC_ISA_USAGE = YES_ERROR;
				CLANG_WARN_DOCUMENTATION_COMMENTS = YES;
				CLANG_WARN_EMPTY_BODY = YES;
				CLANG_WARN_ENUM_CONVERSION = YES;
				CLANG_WARN_INFINITE_RECURSION = YES;
				CLANG_WARN_INT_CONVERSION = YES;
				CLANG_WARN_NON_LITERAL_NULL_CONVERSION = YES;
				CLANG_WARN_OBJC_IMPLICIT_RETAIN_SELF = YES;
				CLANG_WARN_OBJC_LITERAL_CONVERSION = YES;
				CLANG_WARN_OBJC_ROOT_CLASS = YES_ERROR;
				CLANG_WARN_QUOTED_INCLUDE_IN_FRAMEWORK_HEADER = YES;
				CLANG_WARN_RANGE_LOOP_ANALYSIS = YES;
				CLANG_WARN_STRICT_PROTOTYPES = YES;
				CLANG_WARN_SUSPICIOUS_MOVE = YES;
				CLANG_WARN_UNGUARDED_AVAILABILITY = YES_AGGRESSIVE;
				CLANG_WARN_UNREACHABLE_CODE = YES;
				CLANG_WARN__DUPLICATE_METHOD_MATCH = YES;
				COPY_PHASE_STRIP = NO;
				DEBUG_INFORMATION_FORMAT = "dwarf-with-dsym";
				ENABLE_NS_ASSERTIONS = NO;
				ENABLE_STRICT_OBJC_MSGSEND = YES;
				ENABLE_USER_SCRIPT_SANDBOXING = YES;
				GCC_C_LANGUAGE_STANDARD = gnu17;
				GCC_NO_COMMON_BLOCKS = YES;
				GCC_WARN_64_TO_32_BIT_CONVERSION = YES;
				GCC_WARN_ABOUT_RETURN_TYPE = YES_ERROR;
				GCC_WARN_UNDECLARED_SELECTOR = YES;
				GCC_WARN_UNINITIALIZED_AUTOS = YES_AGGRESSIVE;
				GCC_WARN_UNUSED_FUNCTION = YES;
				GCC_WARN_UNUSED_VARIABLE = YES;
				IPHONEOS_DEPLOYMENT_TARGET = 17.4;
				LOCALIZATION_PREFERS_STRING_CATALOGS = YES;
				MTL_ENABLE_DEBUG_INFO = NO;
				MTL_FAST_MATH = YES;
				SDKROOT = iphoneos;
				SWIFT_COMPILATION_MODE = wholemodule;
				VALIDATE_PRODUCT = YES;
			};
			name = Release;
		};
		5A2078422C070DA900CEE67B /* Debug */ = {
			isa = XCBuildConfiguration;
			buildSettings = {
				ASSETCATALOG_COMPILER_APPICON_NAME = AppIcon;
				ASSETCATALOG_COMPILER_GLOBAL_ACCENT_COLOR_NAME = AccentColor;
				BaseURL = "https://dummyjson.com/";
				CODE_SIGN_STYLE = Automatic;
				CURRENT_PROJECT_VERSION = 1;
				DEVELOPMENT_ASSET_PATHS = "\"Cart&Mart/Preview Content\"";
				DEVELOPMENT_TEAM = 58PZYN66TP;
				ENABLE_PREVIEWS = YES;
				GENERATE_INFOPLIST_FILE = YES;
				INFOPLIST_FILE = "Cart&Mart/Resources/Cart-Mart-Info.plist";
				INFOPLIST_KEY_UIApplicationSceneManifest_Generation = YES;
				INFOPLIST_KEY_UIApplicationSupportsIndirectInputEvents = YES;
				INFOPLIST_KEY_UISupportedInterfaceOrientations_iPad = "UIInterfaceOrientationPortrait UIInterfaceOrientationPortraitUpsideDown UIInterfaceOrientationLandscapeLeft UIInterfaceOrientationLandscapeRight";
				INFOPLIST_KEY_UISupportedInterfaceOrientations_iPhone = "UIInterfaceOrientationPortrait UIInterfaceOrientationLandscapeLeft UIInterfaceOrientationLandscapeRight";
				IPHONEOS_DEPLOYMENT_TARGET = 17.0;
				LD_RUNPATH_SEARCH_PATHS = (
					"$(inherited)",
					"@executable_path/Frameworks",
				);
				MARKETING_VERSION = 1.0;
				PRODUCT_BUNDLE_IDENTIFIER = "com.dmb.Cart-Mart";
				PRODUCT_NAME = "$(TARGET_NAME)";
				SWIFT_EMIT_LOC_STRINGS = YES;
				SWIFT_VERSION = 5.0;
				TARGETED_DEVICE_FAMILY = "1,2";
			};
			name = Debug;
		};
		5A2078432C070DA900CEE67B /* Release */ = {
			isa = XCBuildConfiguration;
			buildSettings = {
				ASSETCATALOG_COMPILER_APPICON_NAME = AppIcon;
				ASSETCATALOG_COMPILER_GLOBAL_ACCENT_COLOR_NAME = AccentColor;
				BaseURL = "https://dummyjson.com/";
				CODE_SIGN_STYLE = Automatic;
				CURRENT_PROJECT_VERSION = 1;
				DEVELOPMENT_ASSET_PATHS = "\"Cart&Mart/Preview Content\"";
				DEVELOPMENT_TEAM = 58PZYN66TP;
				ENABLE_PREVIEWS = YES;
				GENERATE_INFOPLIST_FILE = YES;
				INFOPLIST_FILE = "Cart&Mart/Resources/Cart-Mart-Info.plist";
				INFOPLIST_KEY_UIApplicationSceneManifest_Generation = YES;
				INFOPLIST_KEY_UIApplicationSupportsIndirectInputEvents = YES;
				INFOPLIST_KEY_UISupportedInterfaceOrientations_iPad = "UIInterfaceOrientationPortrait UIInterfaceOrientationPortraitUpsideDown UIInterfaceOrientationLandscapeLeft UIInterfaceOrientationLandscapeRight";
				INFOPLIST_KEY_UISupportedInterfaceOrientations_iPhone = "UIInterfaceOrientationPortrait UIInterfaceOrientationLandscapeLeft UIInterfaceOrientationLandscapeRight";
				IPHONEOS_DEPLOYMENT_TARGET = 17.0;
				LD_RUNPATH_SEARCH_PATHS = (
					"$(inherited)",
					"@executable_path/Frameworks",
				);
				MARKETING_VERSION = 1.0;
				PRODUCT_BUNDLE_IDENTIFIER = "com.dmb.Cart-Mart";
				PRODUCT_NAME = "$(TARGET_NAME)";
				SWIFT_EMIT_LOC_STRINGS = YES;
				SWIFT_VERSION = 5.0;
				TARGETED_DEVICE_FAMILY = "1,2";
			};
			name = Release;
		};
		5A2078452C070DA900CEE67B /* Debug */ = {
			isa = XCBuildConfiguration;
			buildSettings = {
				ALWAYS_EMBED_SWIFT_STANDARD_LIBRARIES = YES;
				BUNDLE_LOADER = "$(TEST_HOST)";
				CODE_SIGN_STYLE = Automatic;
				CURRENT_PROJECT_VERSION = 1;
				DEVELOPMENT_TEAM = 58PZYN66TP;
				GENERATE_INFOPLIST_FILE = YES;
				IPHONEOS_DEPLOYMENT_TARGET = 17.4;
				MARKETING_VERSION = 1.0;
				PRODUCT_BUNDLE_IDENTIFIER = "com.dmb.Cart-MartTests";
				PRODUCT_NAME = "$(TARGET_NAME)";
				SWIFT_EMIT_LOC_STRINGS = NO;
				SWIFT_VERSION = 5.0;
				TARGETED_DEVICE_FAMILY = "1,2";
				TEST_HOST = "$(BUILT_PRODUCTS_DIR)/Cart&Mart.app/$(BUNDLE_EXECUTABLE_FOLDER_PATH)/Cart&Mart";
			};
			name = Debug;
		};
		5A2078462C070DA900CEE67B /* Release */ = {
			isa = XCBuildConfiguration;
			buildSettings = {
				ALWAYS_EMBED_SWIFT_STANDARD_LIBRARIES = YES;
				BUNDLE_LOADER = "$(TEST_HOST)";
				CODE_SIGN_STYLE = Automatic;
				CURRENT_PROJECT_VERSION = 1;
				DEVELOPMENT_TEAM = 58PZYN66TP;
				GENERATE_INFOPLIST_FILE = YES;
				IPHONEOS_DEPLOYMENT_TARGET = 17.4;
				MARKETING_VERSION = 1.0;
				PRODUCT_BUNDLE_IDENTIFIER = "com.dmb.Cart-MartTests";
				PRODUCT_NAME = "$(TARGET_NAME)";
				SWIFT_EMIT_LOC_STRINGS = NO;
				SWIFT_VERSION = 5.0;
				TARGETED_DEVICE_FAMILY = "1,2";
				TEST_HOST = "$(BUILT_PRODUCTS_DIR)/Cart&Mart.app/$(BUNDLE_EXECUTABLE_FOLDER_PATH)/Cart&Mart";
			};
			name = Release;
		};
		5A2078482C070DA900CEE67B /* Debug */ = {
			isa = XCBuildConfiguration;
			buildSettings = {
				ALWAYS_EMBED_SWIFT_STANDARD_LIBRARIES = YES;
				CODE_SIGN_STYLE = Automatic;
				CURRENT_PROJECT_VERSION = 1;
				DEVELOPMENT_TEAM = 58PZYN66TP;
				GENERATE_INFOPLIST_FILE = YES;
				MARKETING_VERSION = 1.0;
				PRODUCT_BUNDLE_IDENTIFIER = "com.dmb.Cart-MartUITests";
				PRODUCT_NAME = "$(TARGET_NAME)";
				SWIFT_EMIT_LOC_STRINGS = NO;
				SWIFT_VERSION = 5.0;
				TARGETED_DEVICE_FAMILY = "1,2";
				TEST_TARGET_NAME = "Cart&Mart";
			};
			name = Debug;
		};
		5A2078492C070DA900CEE67B /* Release */ = {
			isa = XCBuildConfiguration;
			buildSettings = {
				ALWAYS_EMBED_SWIFT_STANDARD_LIBRARIES = YES;
				CODE_SIGN_STYLE = Automatic;
				CURRENT_PROJECT_VERSION = 1;
				DEVELOPMENT_TEAM = 58PZYN66TP;
				GENERATE_INFOPLIST_FILE = YES;
				MARKETING_VERSION = 1.0;
				PRODUCT_BUNDLE_IDENTIFIER = "com.dmb.Cart-MartUITests";
				PRODUCT_NAME = "$(TARGET_NAME)";
				SWIFT_EMIT_LOC_STRINGS = NO;
				SWIFT_VERSION = 5.0;
				TARGETED_DEVICE_FAMILY = "1,2";
				TEST_TARGET_NAME = "Cart&Mart";
			};
			name = Release;
		};
/* End XCBuildConfiguration section */

/* Begin XCConfigurationList section */
		5A2078182C070DA700CEE67B /* Build configuration list for PBXProject "Cart&Mart" */ = {
			isa = XCConfigurationList;
			buildConfigurations = (
				5A20783F2C070DA900CEE67B /* Debug */,
				5A2078402C070DA900CEE67B /* Release */,
			);
			defaultConfigurationIsVisible = 0;
			defaultConfigurationName = Release;
		};
		5A2078412C070DA900CEE67B /* Build configuration list for PBXNativeTarget "Cart&Mart" */ = {
			isa = XCConfigurationList;
			buildConfigurations = (
				5A2078422C070DA900CEE67B /* Debug */,
				5A2078432C070DA900CEE67B /* Release */,
			);
			defaultConfigurationIsVisible = 0;
			defaultConfigurationName = Release;
		};
		5A2078442C070DA900CEE67B /* Build configuration list for PBXNativeTarget "Cart&MartTests" */ = {
			isa = XCConfigurationList;
			buildConfigurations = (
				5A2078452C070DA900CEE67B /* Debug */,
				5A2078462C070DA900CEE67B /* Release */,
			);
			defaultConfigurationIsVisible = 0;
			defaultConfigurationName = Release;
		};
		5A2078472C070DA900CEE67B /* Build configuration list for PBXNativeTarget "Cart&MartUITests" */ = {
			isa = XCConfigurationList;
			buildConfigurations = (
				5A2078482C070DA900CEE67B /* Debug */,
				5A2078492C070DA900CEE67B /* Release */,
			);
			defaultConfigurationIsVisible = 0;
			defaultConfigurationName = Release;
		};
/* End XCConfigurationList section */
	};
	rootObject = 5A2078152C070DA700CEE67B /* Project object */;
}
